<?xml version="1.0" encoding="utf-8"?>
<Project ToolsVersion="4.0" xmlns="http://schemas.microsoft.com/developer/msbuild/2003">
  <ItemGroup>
    <Filter Include="!Source Files">
      <UniqueIdentifier>{e8ba3710-a3d3-4087-b07e-ff8fa572277f}</UniqueIdentifier>
      <Extensions>c;cpp</Extensions>
    </Filter>
    <Filter Include="!Header Files">
      <UniqueIdentifier>{ecb7d1b9-187e-4c08-9c11-897a1eb4b86c}</UniqueIdentifier>
      <Extensions>h</Extensions>
    </Filter>
    <Filter Include="Assembly Files">
      <UniqueIdentifier>{fbb929a0-65ef-4620-9205-203152615c45}</UniqueIdentifier>
      <Extensions>nas; asm</Extensions>
    </Filter>
    <Filter Include="Assembly Files\ia32">
      <UniqueIdentifier>{61c9aff7-4948-4591-89f5-ab02d067f182}</UniqueIdentifier>
    </Filter>
    <Filter Include="Assembly Files\x86_64">
      <UniqueIdentifier>{3363331d-1b11-4ca4-b882-aba76d528a6b}</UniqueIdentifier>
    </Filter>
    <Filter Include="Win32 Files">
      <UniqueIdentifier>{05b54093-9ef1-4fa7-9d8c-2baee30e7639}</UniqueIdentifier>
    </Filter>
    <Filter Include="Shared Game">
      <UniqueIdentifier>{7a3ca161-feae-44d2-8417-97652dda80d6}</UniqueIdentifier>
    </Filter>
    <Filter Include="Intermission">
      <UniqueIdentifier>{b3eedbf5-caaa-4fad-8a2a-b29983827599}</UniqueIdentifier>
    </Filter>
    <Filter Include="Render Core">
      <UniqueIdentifier>{ec58cf47-98e4-448c-bdb1-d9cc4e22cc02}</UniqueIdentifier>
    </Filter>
    <Filter Include="Render Core\Render Sources">
      <UniqueIdentifier>{d9b604d5-6467-4141-87f8-8b7e38aabb8c}</UniqueIdentifier>
    </Filter>
    <Filter Include="Render Core\Render Headers">
      <UniqueIdentifier>{3e3b2199-b47a-4a67-8c9d-93337155dbfc}</UniqueIdentifier>
    </Filter>
    <Filter Include="Text Files">
      <UniqueIdentifier>{0fdb170a-a69c-49e6-ae71-f964603f452d}</UniqueIdentifier>
      <Extensions>txt</Extensions>
    </Filter>
    <Filter Include="Text Files\Licenses">
      <UniqueIdentifier>{9247c076-4358-4b34-8949-609ada1aca8d}</UniqueIdentifier>
    </Filter>
    <Filter Include="Versioning">
      <UniqueIdentifier>{8fc0bd5e-4f3a-4dcd-b18b-a1bcbab48984}</UniqueIdentifier>
    </Filter>
    <Filter Include="Audio Files">
      <UniqueIdentifier>{61b900dc-0ceb-4ac9-8453-3a494ddc7357}</UniqueIdentifier>
    </Filter>
    <Filter Include="Audio Files\OPL Synth">
      <UniqueIdentifier>{a797107b-c4c0-4f42-bcac-b90ee0c352b1}</UniqueIdentifier>
    </Filter>
    <Filter Include="Audio Files\OPL Synth\DOSBox">
      <UniqueIdentifier>{8b31cafa-1328-48ff-921f-fca692e65028}</UniqueIdentifier>
    </Filter>
    <Filter Include="Audio Files\Timidity">
      <UniqueIdentifier>{f7d9d5d8-5d41-436c-b4c0-737ebc2729f5}</UniqueIdentifier>
    </Filter>
    <Filter Include="Audio Files\Timidity\Docs">
      <UniqueIdentifier>{aa141b62-fd69-49fd-885a-8fe9bafdeb3c}</UniqueIdentifier>
    </Filter>
    <Filter Include="Audio Files\Timidity\Headers">
      <UniqueIdentifier>{f9d0a73e-4b58-4e21-a78e-d4815f5a10f7}</UniqueIdentifier>
    </Filter>
    <Filter Include="Audio Files\Timidity\Source">
      <UniqueIdentifier>{1eed16df-bec5-45b0-9fcb-02fdf1421dde}</UniqueIdentifier>
    </Filter>
    <Filter Include="SDL Files">
      <UniqueIdentifier>{d445369a-8c8d-4ee0-9ae8-291536ec3722}</UniqueIdentifier>
    </Filter>
    <Filter Include="Xlat">
      <UniqueIdentifier>{29e3e28b-08ca-46be-ad5f-e0613b6222c3}</UniqueIdentifier>
    </Filter>
    <Filter Include="SFMT">
      <UniqueIdentifier>{fc886709-d615-44e1-b587-c948761e30a2}</UniqueIdentifier>
    </Filter>
    <Filter Include="FraggleScript">
      <UniqueIdentifier>{44d914e3-ddbc-4968-950c-fe4aa494e3e7}</UniqueIdentifier>
    </Filter>
    <Filter Include="GL Renderer">
      <UniqueIdentifier>{1ca0033d-7a4b-4743-9c90-6c17fb8c53ce}</UniqueIdentifier>
    </Filter>
    <Filter Include="GL Renderer\System">
      <UniqueIdentifier>{70b3c20f-343f-4013-b6d8-e6df70e41d88}</UniqueIdentifier>
    </Filter>
    <Filter Include="GL Renderer\Shaders">
      <UniqueIdentifier>{4ad01989-abe8-4b5f-8232-8b631345041f}</UniqueIdentifier>
    </Filter>
    <Filter Include="GL Renderer\Shaders\Shader Sources">
      <UniqueIdentifier>{69469d85-6aca-4fcb-8ef1-4dc108f919e2}</UniqueIdentifier>
    </Filter>
    <Filter Include="GL Renderer\Dynamic light">
      <UniqueIdentifier>{594237d4-9d05-49db-8fea-00ea9eeec130}</UniqueIdentifier>
    </Filter>
    <Filter Include="GL Renderer\Textures">
      <UniqueIdentifier>{c57eaec7-2f6a-4608-b386-12ac4ac8d1a6}</UniqueIdentifier>
    </Filter>
    <Filter Include="GL Renderer\Models">
      <UniqueIdentifier>{1d72de50-de04-45b3-be3a-fc7ac263eb03}</UniqueIdentifier>
    </Filter>
    <Filter Include="GL Renderer\Scene">
      <UniqueIdentifier>{17d31905-1d8d-4daa-8038-f5d202bbd7eb}</UniqueIdentifier>
    </Filter>
    <Filter Include="GL Renderer\Data">
      <UniqueIdentifier>{d16a8ceb-ad65-4031-9657-400838f790c7}</UniqueIdentifier>
    </Filter>
    <Filter Include="GL Renderer\Utility">
      <UniqueIdentifier>{ad8a0ea3-186d-47b2-ac8e-aaf5991a48a8}</UniqueIdentifier>
    </Filter>
    <Filter Include="GL Renderer\Renderer">
      <UniqueIdentifier>{c9b5f4d9-6fc8-40e8-adae-10ca67c28944}</UniqueIdentifier>
    </Filter>
    <Filter Include="GL Renderer\hqnx">
      <UniqueIdentifier>{8fa2eb83-1e68-46b9-9414-86d27cf1d421}</UniqueIdentifier>
    </Filter>
    <Filter Include="Resource Files">
      <UniqueIdentifier>{798f9a54-af7c-4805-ad1f-cc5e111a9184}</UniqueIdentifier>
    </Filter>
    <Filter Include="Menu">
      <UniqueIdentifier>{ab3e34f7-a599-48fa-86f6-4967ad2a94f7}</UniqueIdentifier>
    </Filter>
    <Filter Include="Decorate++">
      <UniqueIdentifier>{c4f36680-45f2-4735-a607-04c1fc33703b}</UniqueIdentifier>
    </Filter>
    <Filter Include="Games">
      <UniqueIdentifier>{7f052317-e4de-4f12-ace9-bc28ea569867}</UniqueIdentifier>
    </Filter>
    <Filter Include="Games\Doom Game">
      <UniqueIdentifier>{de281dc7-cc83-430d-8dd2-495c26f1f5f7}</UniqueIdentifier>
    </Filter>
    <Filter Include="Games\Heretic Game">
      <UniqueIdentifier>{26d78647-f63e-4377-8eff-40b3da13f36d}</UniqueIdentifier>
    </Filter>
    <Filter Include="Games\Hexen Game">
      <UniqueIdentifier>{71f62be7-c48f-4c34-a21b-3c4dd400cc53}</UniqueIdentifier>
    </Filter>
    <Filter Include="Games\Raven Shared">
      <UniqueIdentifier>{efec76a6-add7-417e-a1de-ba279af84769}</UniqueIdentifier>
    </Filter>
    <Filter Include="Games\Strife Game">
      <UniqueIdentifier>{b1c62bb7-01fb-4f6b-86b0-88759375ce4f}</UniqueIdentifier>
    </Filter>
    <Filter Include="Render Data">
      <UniqueIdentifier>{d073570d-d0bf-4df2-9af7-1a3e972bbd3e}</UniqueIdentifier>
    </Filter>
    <Filter Include="Render Data\Textures">
      <UniqueIdentifier>{0868c9ac-ad26-4f8d-8a49-a7b76f64f420}</UniqueIdentifier>
    </Filter>
    <Filter Include="Render Data\Resource Headers">
      <UniqueIdentifier>{1247859c-1c6a-48ff-9828-fdcd6c12b894}</UniqueIdentifier>
    </Filter>
    <Filter Include="Render Data\Resource Sources">
      <UniqueIdentifier>{1fd8540e-e522-48a7-a510-78cd0987fb86}</UniqueIdentifier>
    </Filter>
    <Filter Include="Render Interface">
      <UniqueIdentifier>{e632e7ea-d398-4f99-8979-79ec51b92ad4}</UniqueIdentifier>
    </Filter>
  </ItemGroup>
  <ItemGroup>
    <ClCompile Include="src\actorptrselect.cpp">
      <Filter>!Source Files</Filter>
    </ClCompile>
    <ClCompile Include="src\am_map.cpp">
      <Filter>!Source Files</Filter>
    </ClCompile>
    <ClCompile Include="src\autostart.cpp">
      <Filter>!Source Files</Filter>
    </ClCompile>
    <ClCompile Include="src\autozend.cpp">
      <Filter>!Source Files</Filter>
    </ClCompile>
    <ClCompile Include="src\b_bot.cpp">
      <Filter>!Source Files</Filter>
    </ClCompile>
    <ClCompile Include="src\B_func.cpp">
      <Filter>!Source Files</Filter>
    </ClCompile>
    <ClCompile Include="src\B_game.cpp">
      <Filter>!Source Files</Filter>
    </ClCompile>
    <ClCompile Include="src\b_move.cpp">
      <Filter>!Source Files</Filter>
    </ClCompile>
    <ClCompile Include="src\B_think.cpp">
      <Filter>!Source Files</Filter>
    </ClCompile>
    <ClCompile Include="src\bbannouncer.cpp">
      <Filter>!Source Files</Filter>
    </ClCompile>
    <ClCompile Include="src\c_bind.cpp">
      <Filter>!Source Files</Filter>
    </ClCompile>
    <ClCompile Include="src\c_cmds.cpp">
      <Filter>!Source Files</Filter>
    </ClCompile>
    <ClCompile Include="src\c_console.cpp">
      <Filter>!Source Files</Filter>
    </ClCompile>
    <ClCompile Include="src\c_cvars.cpp">
      <Filter>!Source Files</Filter>
    </ClCompile>
    <ClCompile Include="src\c_dispatch.cpp">
      <Filter>!Source Files</Filter>
    </ClCompile>
    <ClCompile Include="src\c_expr.cpp">
      <Filter>!Source Files</Filter>
    </ClCompile>
    <ClCompile Include="src\cmdlib.cpp">
      <Filter>!Source Files</Filter>
    </ClCompile>
    <ClCompile Include="src\colormatcher.cpp">
      <Filter>!Source Files</Filter>
    </ClCompile>
    <ClCompile Include="src\compatibility.cpp">
      <Filter>!Source Files</Filter>
    </ClCompile>
    <ClCompile Include="src\configfile.cpp">
      <Filter>!Source Files</Filter>
    </ClCompile>
    <ClCompile Include="src\ct_chat.cpp">
      <Filter>!Source Files</Filter>
    </ClCompile>
    <ClCompile Include="src\d_dehacked.cpp">
      <Filter>!Source Files</Filter>
    </ClCompile>
    <ClCompile Include="src\d_iwad.cpp">
      <Filter>!Source Files</Filter>
    </ClCompile>
    <ClCompile Include="src\D_main.cpp">
      <Filter>!Source Files</Filter>
    </ClCompile>
    <ClCompile Include="src\d_net.cpp">
      <Filter>!Source Files</Filter>
    </ClCompile>
    <ClCompile Include="src\d_netinfo.cpp">
      <Filter>!Source Files</Filter>
    </ClCompile>
    <ClCompile Include="src\d_protocol.cpp">
      <Filter>!Source Files</Filter>
    </ClCompile>
    <ClCompile Include="src\decallib.cpp">
      <Filter>!Source Files</Filter>
    </ClCompile>
    <ClCompile Include="src\dobject.cpp">
      <Filter>!Source Files</Filter>
    </ClCompile>
    <ClCompile Include="src\dobjgc.cpp">
      <Filter>!Source Files</Filter>
    </ClCompile>
    <ClCompile Include="src\dobjtype.cpp">
      <Filter>!Source Files</Filter>
    </ClCompile>
    <ClCompile Include="src\doomdef.cpp">
      <Filter>!Source Files</Filter>
    </ClCompile>
    <ClCompile Include="src\doomstat.cpp">
      <Filter>!Source Files</Filter>
    </ClCompile>
    <ClCompile Include="src\dsectoreffect.cpp">
      <Filter>!Source Files</Filter>
    </ClCompile>
    <ClCompile Include="src\dthinker.cpp">
      <Filter>!Source Files</Filter>
    </ClCompile>
    <ClCompile Include="src\f_wipe.cpp">
      <Filter>!Source Files</Filter>
    </ClCompile>
    <ClCompile Include="src\farchive.cpp">
      <Filter>!Source Files</Filter>
    </ClCompile>
    <ClCompile Include="src\files.cpp">
      <Filter>!Source Files</Filter>
    </ClCompile>
    <ClCompile Include="src\g_game.cpp">
      <Filter>!Source Files</Filter>
    </ClCompile>
    <ClCompile Include="src\g_hub.cpp">
      <Filter>!Source Files</Filter>
    </ClCompile>
    <ClCompile Include="src\g_level.cpp">
      <Filter>!Source Files</Filter>
    </ClCompile>
    <ClCompile Include="src\g_mapinfo.cpp">
      <Filter>!Source Files</Filter>
    </ClCompile>
    <ClCompile Include="src\g_skill.cpp">
      <Filter>!Source Files</Filter>
    </ClCompile>
    <ClCompile Include="src\gameconfigfile.cpp">
      <Filter>!Source Files</Filter>
    </ClCompile>
    <ClCompile Include="src\gi.cpp">
      <Filter>!Source Files</Filter>
    </ClCompile>
    <ClCompile Include="src\gitinfo.cpp">
      <Filter>!Source Files</Filter>
    </ClCompile>
    <ClCompile Include="src\hu_scores.cpp">
      <Filter>!Source Files</Filter>
    </ClCompile>
    <ClCompile Include="src\i_net.cpp">
      <Filter>!Source Files</Filter>
    </ClCompile>
    <ClCompile Include="src\info.cpp">
      <Filter>!Source Files</Filter>
    </ClCompile>
    <ClCompile Include="src\keysections.cpp">
      <Filter>!Source Files</Filter>
    </ClCompile>
    <ClCompile Include="src\lumpconfigfile.cpp">
      <Filter>!Source Files</Filter>
    </ClCompile>
    <ClCompile Include="src\m_alloc.cpp">
      <Filter>!Source Files</Filter>
    </ClCompile>
    <ClCompile Include="src\m_argv.cpp">
      <Filter>!Source Files</Filter>
    </ClCompile>
    <ClCompile Include="src\m_bbox.cpp">
      <Filter>!Source Files</Filter>
    </ClCompile>
    <ClCompile Include="src\m_cheat.cpp">
      <Filter>!Source Files</Filter>
    </ClCompile>
    <ClCompile Include="src\m_joy.cpp">
      <Filter>!Source Files</Filter>
    </ClCompile>
    <ClCompile Include="src\m_misc.cpp">
      <Filter>!Source Files</Filter>
    </ClCompile>
    <ClCompile Include="src\m_png.cpp">
      <Filter>!Source Files</Filter>
    </ClCompile>
    <ClCompile Include="src\m_random.cpp">
      <Filter>!Source Files</Filter>
    </ClCompile>
    <ClCompile Include="src\m_specialpaths.cpp">
      <Filter>!Source Files</Filter>
    </ClCompile>
    <ClCompile Include="src\md5.cpp">
      <Filter>!Source Files</Filter>
    </ClCompile>
    <ClCompile Include="src\memarena.cpp">
      <Filter>!Source Files</Filter>
    </ClCompile>
    <ClCompile Include="src\name.cpp">
      <Filter>!Source Files</Filter>
    </ClCompile>
    <ClCompile Include="src\nodebuild.cpp">
      <Filter>!Source Files</Filter>
    </ClCompile>
    <ClCompile Include="src\nodebuild_classify_nosse2.cpp">
      <Filter>!Source Files</Filter>
    </ClCompile>
    <ClCompile Include="src\nodebuild_classify_sse2.cpp">
      <Filter>!Source Files</Filter>
    </ClCompile>
    <ClCompile Include="src\nodebuild_events.cpp">
      <Filter>!Source Files</Filter>
    </ClCompile>
    <ClCompile Include="src\nodebuild_extract.cpp">
      <Filter>!Source Files</Filter>
    </ClCompile>
    <ClCompile Include="src\nodebuild_gl.cpp">
      <Filter>!Source Files</Filter>
    </ClCompile>
    <ClCompile Include="src\nodebuild_utility.cpp">
      <Filter>!Source Files</Filter>
    </ClCompile>
    <ClCompile Include="src\p_3dfloors.cpp">
      <Filter>!Source Files</Filter>
    </ClCompile>
    <ClCompile Include="src\p_3dmidtex.cpp">
      <Filter>!Source Files</Filter>
    </ClCompile>
    <ClCompile Include="src\p_acs.cpp">
      <Filter>!Source Files</Filter>
    </ClCompile>
    <ClCompile Include="src\p_buildmap.cpp">
      <Filter>!Source Files</Filter>
    </ClCompile>
    <ClCompile Include="src\p_ceiling.cpp">
      <Filter>!Source Files</Filter>
    </ClCompile>
    <ClCompile Include="src\p_conversation.cpp">
      <Filter>!Source Files</Filter>
    </ClCompile>
    <ClCompile Include="src\p_doors.cpp">
      <Filter>!Source Files</Filter>
    </ClCompile>
    <ClCompile Include="src\p_effect.cpp">
      <Filter>!Source Files</Filter>
    </ClCompile>
    <ClCompile Include="src\p_enemy.cpp">
      <Filter>!Source Files</Filter>
    </ClCompile>
    <ClCompile Include="src\p_floor.cpp">
      <Filter>!Source Files</Filter>
    </ClCompile>
    <ClCompile Include="src\p_glnodes.cpp">
      <Filter>!Source Files</Filter>
    </ClCompile>
    <ClCompile Include="src\p_interaction.cpp">
      <Filter>!Source Files</Filter>
    </ClCompile>
    <ClCompile Include="src\p_lights.cpp">
      <Filter>!Source Files</Filter>
    </ClCompile>
    <ClCompile Include="src\p_linkedsectors.cpp">
      <Filter>!Source Files</Filter>
    </ClCompile>
    <ClCompile Include="src\p_lnspec.cpp">
      <Filter>!Source Files</Filter>
    </ClCompile>
    <ClCompile Include="src\p_map.cpp">
      <Filter>!Source Files</Filter>
    </ClCompile>
    <ClCompile Include="src\p_maputl.cpp">
      <Filter>!Source Files</Filter>
    </ClCompile>
    <ClCompile Include="src\p_mobj.cpp">
      <Filter>!Source Files</Filter>
    </ClCompile>
    <ClCompile Include="src\p_pillar.cpp">
      <Filter>!Source Files</Filter>
    </ClCompile>
    <ClCompile Include="src\p_plats.cpp">
      <Filter>!Source Files</Filter>
    </ClCompile>
    <ClCompile Include="src\p_pspr.cpp">
      <Filter>!Source Files</Filter>
    </ClCompile>
    <ClCompile Include="src\p_saveg.cpp">
      <Filter>!Source Files</Filter>
    </ClCompile>
    <ClCompile Include="src\p_sectors.cpp">
      <Filter>!Source Files</Filter>
    </ClCompile>
    <ClCompile Include="src\p_setup.cpp">
      <Filter>!Source Files</Filter>
    </ClCompile>
    <ClCompile Include="src\p_sight.cpp">
      <Filter>!Source Files</Filter>
    </ClCompile>
    <ClCompile Include="src\p_slopes.cpp">
      <Filter>!Source Files</Filter>
    </ClCompile>
    <ClCompile Include="src\p_spec.cpp">
      <Filter>!Source Files</Filter>
    </ClCompile>
    <ClCompile Include="src\p_states.cpp">
      <Filter>!Source Files</Filter>
    </ClCompile>
    <ClCompile Include="src\p_switch.cpp">
      <Filter>!Source Files</Filter>
    </ClCompile>
    <ClCompile Include="src\p_teleport.cpp">
      <Filter>!Source Files</Filter>
    </ClCompile>
    <ClCompile Include="src\p_terrain.cpp">
      <Filter>!Source Files</Filter>
    </ClCompile>
    <ClCompile Include="src\p_things.cpp">
      <Filter>!Source Files</Filter>
    </ClCompile>
    <ClCompile Include="src\p_tick.cpp">
      <Filter>!Source Files</Filter>
    </ClCompile>
    <ClCompile Include="src\p_trace.cpp">
      <Filter>!Source Files</Filter>
    </ClCompile>
    <ClCompile Include="src\p_udmf.cpp">
      <Filter>!Source Files</Filter>
    </ClCompile>
    <ClCompile Include="src\p_usdf.cpp">
      <Filter>!Source Files</Filter>
    </ClCompile>
    <ClCompile Include="src\p_user.cpp">
      <Filter>!Source Files</Filter>
    </ClCompile>
    <ClCompile Include="src\p_writemap.cpp">
      <Filter>!Source Files</Filter>
    </ClCompile>
    <ClCompile Include="src\p_xlat.cpp">
      <Filter>!Source Files</Filter>
    </ClCompile>
    <ClCompile Include="src\parsecontext.cpp">
      <Filter>!Source Files</Filter>
    </ClCompile>
    <ClCompile Include="src\po_man.cpp">
      <Filter>!Source Files</Filter>
    </ClCompile>
    <ClCompile Include="src\s_advsound.cpp">
      <Filter>!Source Files</Filter>
    </ClCompile>
    <ClCompile Include="src\s_environment.cpp">
      <Filter>!Source Files</Filter>
    </ClCompile>
    <ClCompile Include="src\s_playlist.cpp">
      <Filter>!Source Files</Filter>
    </ClCompile>
    <ClCompile Include="src\s_sndseq.cpp">
      <Filter>!Source Files</Filter>
    </ClCompile>
    <ClCompile Include="src\s_sound.cpp">
      <Filter>!Source Files</Filter>
    </ClCompile>
    <ClCompile Include="src\sc_man.cpp">
      <Filter>!Source Files</Filter>
    </ClCompile>
    <ClCompile Include="src\skins.cpp">
      <Filter>!Source Files</Filter>
    </ClCompile>
    <ClCompile Include="src\st_stuff.cpp">
      <Filter>!Source Files</Filter>
    </ClCompile>
    <ClCompile Include="src\statistics.cpp">
      <Filter>!Source Files</Filter>
    </ClCompile>
    <ClCompile Include="src\stats.cpp">
      <Filter>!Source Files</Filter>
    </ClCompile>
    <ClCompile Include="src\stringtable.cpp">
      <Filter>!Source Files</Filter>
    </ClCompile>
    <ClCompile Include="src\strnatcmp.c">
      <Filter>!Source Files</Filter>
    </ClCompile>
    <ClCompile Include="src\tables.cpp">
      <Filter>!Source Files</Filter>
    </ClCompile>
    <ClCompile Include="src\teaminfo.cpp">
      <Filter>!Source Files</Filter>
    </ClCompile>
    <ClCompile Include="src\tempfiles.cpp">
      <Filter>!Source Files</Filter>
    </ClCompile>
    <ClCompile Include="src\v_blend.cpp">
      <Filter>!Source Files</Filter>
    </ClCompile>
    <ClCompile Include="src\v_collection.cpp">
      <Filter>!Source Files</Filter>
    </ClCompile>
    <ClCompile Include="src\v_draw.cpp">
      <Filter>!Source Files</Filter>
    </ClCompile>
    <ClCompile Include="src\v_font.cpp">
      <Filter>!Source Files</Filter>
    </ClCompile>
    <ClCompile Include="src\v_palette.cpp">
      <Filter>!Source Files</Filter>
    </ClCompile>
    <ClCompile Include="src\v_pfx.cpp">
      <Filter>!Source Files</Filter>
    </ClCompile>
    <ClCompile Include="src\v_text.cpp">
      <Filter>!Source Files</Filter>
    </ClCompile>
    <ClCompile Include="src\v_video.cpp">
      <Filter>!Source Files</Filter>
    </ClCompile>
    <ClCompile Include="src\w_wad.cpp">
      <Filter>!Source Files</Filter>
    </ClCompile>
    <ClCompile Include="src\wi_stuff.cpp">
      <Filter>!Source Files</Filter>
    </ClCompile>
    <ClCompile Include="src\x86.cpp">
      <Filter>!Source Files</Filter>
    </ClCompile>
    <ClCompile Include="src\zstrformat.cpp">
      <Filter>!Source Files</Filter>
    </ClCompile>
    <ClCompile Include="src\zstring.cpp">
      <Filter>!Source Files</Filter>
    </ClCompile>
    <ClCompile Include="src\win32\eaxedit.cpp">
      <Filter>Win32 Files</Filter>
    </ClCompile>
    <ClCompile Include="src\win32\fb_d3d9.cpp">
      <Filter>Win32 Files</Filter>
    </ClCompile>
    <ClCompile Include="src\win32\fb_d3d9_wipe.cpp">
      <Filter>Win32 Files</Filter>
    </ClCompile>
    <ClCompile Include="src\win32\fb_ddraw.cpp">
      <Filter>Win32 Files</Filter>
    </ClCompile>
    <ClCompile Include="src\win32\hardware.cpp">
      <Filter>Win32 Files</Filter>
    </ClCompile>
    <ClCompile Include="src\win32\helperthread.cpp">
      <Filter>Win32 Files</Filter>
    </ClCompile>
    <ClCompile Include="src\win32\i_cd.cpp">
      <Filter>Win32 Files</Filter>
    </ClCompile>
    <ClCompile Include="src\win32\i_crash.cpp">
      <Filter>Win32 Files</Filter>
    </ClCompile>
    <ClCompile Include="src\win32\i_dijoy.cpp">
      <Filter>Win32 Files</Filter>
    </ClCompile>
    <ClCompile Include="src\win32\i_input.cpp">
      <Filter>Win32 Files</Filter>
    </ClCompile>
    <ClCompile Include="src\win32\i_keyboard.cpp">
      <Filter>Win32 Files</Filter>
    </ClCompile>
    <ClCompile Include="src\win32\i_main.cpp">
      <Filter>Win32 Files</Filter>
    </ClCompile>
    <ClCompile Include="src\win32\i_mouse.cpp">
      <Filter>Win32 Files</Filter>
    </ClCompile>
    <ClCompile Include="src\win32\i_movie.cpp">
      <Filter>Win32 Files</Filter>
    </ClCompile>
    <ClCompile Include="src\win32\i_rawps2.cpp">
      <Filter>Win32 Files</Filter>
    </ClCompile>
    <ClCompile Include="src\win32\I_system.cpp">
      <Filter>Win32 Files</Filter>
    </ClCompile>
    <ClCompile Include="src\win32\i_xinput.cpp">
      <Filter>Win32 Files</Filter>
    </ClCompile>
    <ClCompile Include="src\win32\st_start.cpp">
      <Filter>Win32 Files</Filter>
    </ClCompile>
    <ClCompile Include="src\win32\win32gliface.cpp">
      <Filter>Win32 Files</Filter>
    </ClCompile>
    <ClCompile Include="src\win32\win32video.cpp">
      <Filter>Win32 Files</Filter>
    </ClCompile>
    <ClCompile Include="src\g_shared\a_action.cpp">
      <Filter>Shared Game</Filter>
    </ClCompile>
    <ClCompile Include="src\g_shared\a_armor.cpp">
      <Filter>Shared Game</Filter>
    </ClCompile>
    <ClCompile Include="src\g_shared\a_artifacts.cpp">
      <Filter>Shared Game</Filter>
    </ClCompile>
    <ClCompile Include="src\g_shared\a_bridge.cpp">
      <Filter>Shared Game</Filter>
    </ClCompile>
    <ClCompile Include="src\g_shared\a_camera.cpp">
      <Filter>Shared Game</Filter>
    </ClCompile>
    <ClCompile Include="src\g_shared\a_debris.cpp">
      <Filter>Shared Game</Filter>
    </ClCompile>
    <ClCompile Include="src\g_shared\a_decals.cpp">
      <Filter>Shared Game</Filter>
    </ClCompile>
    <ClCompile Include="src\g_shared\a_fastprojectile.cpp">
      <Filter>Shared Game</Filter>
    </ClCompile>
    <ClCompile Include="src\g_shared\a_flashfader.cpp">
      <Filter>Shared Game</Filter>
    </ClCompile>
    <ClCompile Include="src\g_shared\a_fountain.cpp">
      <Filter>Shared Game</Filter>
    </ClCompile>
    <ClCompile Include="src\g_shared\a_hatetarget.cpp">
      <Filter>Shared Game</Filter>
    </ClCompile>
    <ClCompile Include="src\g_shared\a_keys.cpp">
      <Filter>Shared Game</Filter>
    </ClCompile>
    <ClCompile Include="src\g_shared\a_lightning.cpp">
      <Filter>Shared Game</Filter>
    </ClCompile>
    <ClCompile Include="src\g_shared\a_mapmarker.cpp">
      <Filter>Shared Game</Filter>
    </ClCompile>
    <ClCompile Include="src\g_shared\a_morph.cpp">
      <Filter>Shared Game</Filter>
    </ClCompile>
    <ClCompile Include="src\g_shared\a_movingcamera.cpp">
      <Filter>Shared Game</Filter>
    </ClCompile>
    <ClCompile Include="src\g_shared\a_pickups.cpp">
      <Filter>Shared Game</Filter>
    </ClCompile>
    <ClCompile Include="src\g_shared\a_puzzleitems.cpp">
      <Filter>Shared Game</Filter>
    </ClCompile>
    <ClCompile Include="src\g_shared\a_quake.cpp">
      <Filter>Shared Game</Filter>
    </ClCompile>
    <ClCompile Include="src\g_shared\a_randomspawner.cpp">
      <Filter>Shared Game</Filter>
    </ClCompile>
    <ClCompile Include="src\g_shared\a_secrettrigger.cpp">
      <Filter>Shared Game</Filter>
    </ClCompile>
    <ClCompile Include="src\g_shared\a_sectoraction.cpp">
      <Filter>Shared Game</Filter>
    </ClCompile>
    <ClCompile Include="src\g_shared\a_setcolor.cpp">
      <Filter>Shared Game</Filter>
    </ClCompile>
    <ClCompile Include="src\g_shared\a_skies.cpp">
      <Filter>Shared Game</Filter>
    </ClCompile>
    <ClCompile Include="src\g_shared\a_soundenvironment.cpp">
      <Filter>Shared Game</Filter>
    </ClCompile>
    <ClCompile Include="src\g_shared\a_soundsequence.cpp">
      <Filter>Shared Game</Filter>
    </ClCompile>
    <ClCompile Include="src\g_shared\a_spark.cpp">
      <Filter>Shared Game</Filter>
    </ClCompile>
    <ClCompile Include="src\g_shared\a_specialspot.cpp">
      <Filter>Shared Game</Filter>
    </ClCompile>
    <ClCompile Include="src\g_shared\a_waterzone.cpp">
      <Filter>Shared Game</Filter>
    </ClCompile>
    <ClCompile Include="src\g_shared\a_weaponpiece.cpp">
      <Filter>Shared Game</Filter>
    </ClCompile>
    <ClCompile Include="src\g_shared\a_weapons.cpp">
      <Filter>Shared Game</Filter>
    </ClCompile>
    <ClCompile Include="src\g_shared\hudmessages.cpp">
      <Filter>Shared Game</Filter>
    </ClCompile>
    <ClCompile Include="src\g_shared\sbar_mugshot.cpp">
      <Filter>Shared Game</Filter>
    </ClCompile>
    <ClCompile Include="src\g_shared\sbarinfo.cpp">
      <Filter>Shared Game</Filter>
    </ClCompile>
    <ClCompile Include="src\g_shared\sbarinfo_commands.cpp">
      <Filter>Shared Game</Filter>
    </ClCompile>
    <ClCompile Include="src\g_shared\shared_hud.cpp">
      <Filter>Shared Game</Filter>
    </ClCompile>
    <ClCompile Include="src\g_shared\shared_sbar.cpp">
      <Filter>Shared Game</Filter>
    </ClCompile>
    <ClCompile Include="src\intermission\intermission.cpp">
      <Filter>Intermission</Filter>
    </ClCompile>
    <ClCompile Include="src\intermission\intermission_parse.cpp">
      <Filter>Intermission</Filter>
    </ClCompile>
    <ClCompile Include="src\r_3dfloors.cpp">
      <Filter>Render Core\Render Sources</Filter>
    </ClCompile>
    <ClCompile Include="src\r_bsp.cpp">
      <Filter>Render Core\Render Sources</Filter>
    </ClCompile>
    <ClCompile Include="src\r_draw.cpp">
      <Filter>Render Core\Render Sources</Filter>
    </ClCompile>
    <ClCompile Include="src\r_drawt.cpp">
      <Filter>Render Core\Render Sources</Filter>
    </ClCompile>
    <ClCompile Include="src\r_main.cpp">
      <Filter>Render Core\Render Sources</Filter>
    </ClCompile>
    <ClCompile Include="src\r_plane.cpp">
      <Filter>Render Core\Render Sources</Filter>
    </ClCompile>
    <ClCompile Include="src\r_polymost.cpp">
      <Filter>Render Core\Render Sources</Filter>
    </ClCompile>
    <ClCompile Include="src\r_segs.cpp">
      <Filter>Render Core\Render Sources</Filter>
    </ClCompile>
    <ClCompile Include="src\r_swrenderer.cpp">
      <Filter>Render Core\Render Sources</Filter>
    </ClCompile>
    <ClCompile Include="src\r_things.cpp">
      <Filter>Render Core\Render Sources</Filter>
    </ClCompile>
    <ClCompile Include="src\sound\fmodsound.cpp">
      <Filter>Audio Files</Filter>
    </ClCompile>
    <ClCompile Include="src\sound\i_music.cpp">
      <Filter>Audio Files</Filter>
    </ClCompile>
    <ClCompile Include="src\sound\i_sound.cpp">
      <Filter>Audio Files</Filter>
    </ClCompile>
    <ClCompile Include="src\sound\music_cd.cpp">
      <Filter>Audio Files</Filter>
    </ClCompile>
    <ClCompile Include="src\sound\music_dumb.cpp">
      <Filter>Audio Files</Filter>
    </ClCompile>
    <ClCompile Include="src\sound\music_fluidsynth_mididevice.cpp">
      <Filter>Audio Files</Filter>
    </ClCompile>
    <ClCompile Include="src\sound\music_gme.cpp">
      <Filter>Audio Files</Filter>
    </ClCompile>
    <ClCompile Include="src\sound\music_hmi_midiout.cpp">
      <Filter>Audio Files</Filter>
    </ClCompile>
    <ClCompile Include="src\sound\music_midi_base.cpp">
      <Filter>Audio Files</Filter>
    </ClCompile>
    <ClCompile Include="src\sound\music_midi_timidity.cpp">
      <Filter>Audio Files</Filter>
    </ClCompile>
    <ClCompile Include="src\sound\music_midistream.cpp">
      <Filter>Audio Files</Filter>
    </ClCompile>
    <ClCompile Include="src\sound\music_mus_midiout.cpp">
      <Filter>Audio Files</Filter>
    </ClCompile>
    <ClCompile Include="src\sound\music_mus_opl.cpp">
      <Filter>Audio Files</Filter>
    </ClCompile>
    <ClCompile Include="src\oplsynth\music_opl_mididevice.cpp">
      <Filter>Audio Files</Filter>
    </ClCompile>
    <ClCompile Include="src\oplsynth\music_opldumper_mididevice.cpp">
      <Filter>Audio Files</Filter>
    </ClCompile>
    <ClCompile Include="src\sound\music_pseudo_mididevice.cpp">
      <Filter>Audio Files</Filter>
    </ClCompile>
    <ClCompile Include="src\sound\music_smf_midiout.cpp">
      <Filter>Audio Files</Filter>
    </ClCompile>
    <ClCompile Include="src\sound\music_softsynth_mididevice.cpp">
      <Filter>Audio Files</Filter>
    </ClCompile>
    <ClCompile Include="src\sound\music_stream.cpp">
      <Filter>Audio Files</Filter>
    </ClCompile>
    <ClCompile Include="src\sound\music_timidity_mididevice.cpp">
      <Filter>Audio Files</Filter>
    </ClCompile>
    <ClCompile Include="src\sound\music_win_mididevice.cpp">
      <Filter>Audio Files</Filter>
    </ClCompile>
    <ClCompile Include="src\sound\music_xmi_midiout.cpp">
      <Filter>Audio Files</Filter>
    </ClCompile>
    <ClCompile Include="src\oplsynth\fmopl.cpp">
      <Filter>Audio Files\OPL Synth</Filter>
    </ClCompile>
    <ClCompile Include="src\oplsynth\mlopl.cpp">
      <Filter>Audio Files\OPL Synth</Filter>
    </ClCompile>
    <ClCompile Include="src\oplsynth\mlopl_io.cpp">
      <Filter>Audio Files\OPL Synth</Filter>
    </ClCompile>
    <ClCompile Include="src\oplsynth\OPL3.cpp">
      <Filter>Audio Files\OPL Synth</Filter>
    </ClCompile>
    <ClCompile Include="src\oplsynth\opl_mus_player.cpp">
      <Filter>Audio Files\OPL Synth</Filter>
    </ClCompile>
    <ClCompile Include="src\oplsynth\dosbox\opl.cpp">
      <Filter>Audio Files\OPL Synth\DOSBox</Filter>
    </ClCompile>
    <ClCompile Include="src\timidity\instrum_font.cpp">
      <Filter>Audio Files\Timidity</Filter>
    </ClCompile>
    <ClCompile Include="src\timidity\common.cpp">
      <Filter>Audio Files\Timidity\Source</Filter>
    </ClCompile>
    <ClCompile Include="src\timidity\instrum.cpp">
      <Filter>Audio Files\Timidity\Source</Filter>
    </ClCompile>
    <ClCompile Include="src\timidity\instrum_dls.cpp">
      <Filter>Audio Files\Timidity\Source</Filter>
    </ClCompile>
    <ClCompile Include="src\timidity\instrum_sf2.cpp">
      <Filter>Audio Files\Timidity\Source</Filter>
    </ClCompile>
    <ClCompile Include="src\timidity\mix.cpp">
      <Filter>Audio Files\Timidity\Source</Filter>
    </ClCompile>
    <ClCompile Include="src\timidity\playmidi.cpp">
      <Filter>Audio Files\Timidity\Source</Filter>
    </ClCompile>
    <ClCompile Include="src\timidity\resample.cpp">
      <Filter>Audio Files\Timidity\Source</Filter>
    </ClCompile>
    <ClCompile Include="src\timidity\timidity.cpp">
      <Filter>Audio Files\Timidity\Source</Filter>
    </ClCompile>
    <ClCompile Include="src\sdl\crashcatcher.c">
      <Filter>SDL Files</Filter>
    </ClCompile>
    <ClCompile Include="src\sdl\hardware.cpp">
      <Filter>SDL Files</Filter>
    </ClCompile>
    <ClCompile Include="src\sdl\i_cd.cpp">
      <Filter>SDL Files</Filter>
    </ClCompile>
    <ClCompile Include="src\sdl\i_input.cpp">
      <Filter>SDL Files</Filter>
    </ClCompile>
    <ClCompile Include="src\sdl\i_main.cpp">
      <Filter>SDL Files</Filter>
    </ClCompile>
    <ClCompile Include="src\sdl\i_movie.cpp">
      <Filter>SDL Files</Filter>
    </ClCompile>
    <ClCompile Include="src\sdl\i_system.cpp">
      <Filter>SDL Files</Filter>
    </ClCompile>
    <ClCompile Include="src\sdl\sdlglvideo.cpp">
      <Filter>SDL Files</Filter>
    </ClCompile>
    <ClCompile Include="src\sdl\sdlvideo.cpp">
      <Filter>SDL Files</Filter>
    </ClCompile>
    <ClCompile Include="src\sdl\st_start.cpp">
      <Filter>SDL Files</Filter>
    </ClCompile>
    <ClCompile Include="src\xlat\parse_xlat.cpp">
      <Filter>Xlat</Filter>
    </ClCompile>
    <ClCompile Include="src\xlat\xlat_parser.c">
      <Filter>Xlat</Filter>
    </ClCompile>
    <ClCompile Include="src\sfmt\SFMT.cpp">
      <Filter>SFMT</Filter>
    </ClCompile>
    <ClCompile Include="src\fragglescript\t_cmd.cpp">
      <Filter>FraggleScript</Filter>
    </ClCompile>
    <ClCompile Include="src\fragglescript\t_fspic.cpp">
      <Filter>FraggleScript</Filter>
    </ClCompile>
    <ClCompile Include="src\fragglescript\t_func.cpp">
      <Filter>FraggleScript</Filter>
    </ClCompile>
    <ClCompile Include="src\fragglescript\t_load.cpp">
      <Filter>FraggleScript</Filter>
    </ClCompile>
    <ClCompile Include="src\fragglescript\t_oper.cpp">
      <Filter>FraggleScript</Filter>
    </ClCompile>
    <ClCompile Include="src\fragglescript\t_parse.cpp">
      <Filter>FraggleScript</Filter>
    </ClCompile>
    <ClCompile Include="src\fragglescript\t_prepro.cpp">
      <Filter>FraggleScript</Filter>
    </ClCompile>
    <ClCompile Include="src\fragglescript\t_script.cpp">
      <Filter>FraggleScript</Filter>
    </ClCompile>
    <ClCompile Include="src\fragglescript\t_spec.cpp">
      <Filter>FraggleScript</Filter>
    </ClCompile>
    <ClCompile Include="src\fragglescript\t_variable.cpp">
      <Filter>FraggleScript</Filter>
    </ClCompile>
    <ClCompile Include="src\gl\api\gl_api.cpp">
      <Filter>GL Renderer\System</Filter>
    </ClCompile>
    <ClCompile Include="src\gl\system\gl_framebuffer.cpp">
      <Filter>GL Renderer\System</Filter>
    </ClCompile>
    <ClCompile Include="src\gl\system\gl_interface.cpp">
      <Filter>GL Renderer\System</Filter>
    </ClCompile>
    <ClCompile Include="src\gl\system\gl_menu.cpp">
      <Filter>GL Renderer\System</Filter>
    </ClCompile>
    <ClCompile Include="src\gl\system\gl_threads.cpp">
      <Filter>GL Renderer\System</Filter>
    </ClCompile>
    <ClCompile Include="src\gl\system\gl_wipe.cpp">
      <Filter>GL Renderer\System</Filter>
    </ClCompile>
    <ClCompile Include="src\gl\shaders\gl_shader.cpp">
      <Filter>GL Renderer\Shaders</Filter>
    </ClCompile>
    <ClCompile Include="src\gl\shaders\gl_texshader.cpp">
      <Filter>GL Renderer\Shaders</Filter>
    </ClCompile>
    <ClCompile Include="src\gl\dynlights\a_dynlight.cpp">
      <Filter>GL Renderer\Dynamic light</Filter>
    </ClCompile>
    <ClCompile Include="src\gl\dynlights\gl_dynlight.cpp">
      <Filter>GL Renderer\Dynamic light</Filter>
    </ClCompile>
    <ClCompile Include="src\gl\dynlights\gl_dynlight1.cpp">
      <Filter>GL Renderer\Dynamic light</Filter>
    </ClCompile>
    <ClCompile Include="src\gl\dynlights\gl_glow.cpp">
      <Filter>GL Renderer\Dynamic light</Filter>
    </ClCompile>
    <ClCompile Include="src\gl\dynlights\gl_lightbuffer.cpp">
      <Filter>GL Renderer\Dynamic light</Filter>
    </ClCompile>
    <ClCompile Include="src\gl\textures\gl_bitmap.cpp">
      <Filter>GL Renderer\Textures</Filter>
    </ClCompile>
    <ClCompile Include="src\gl\textures\gl_hirestex.cpp">
      <Filter>GL Renderer\Textures</Filter>
    </ClCompile>
    <ClCompile Include="src\gl\textures\gl_hqresize.cpp">
      <Filter>GL Renderer\Textures</Filter>
    </ClCompile>
    <ClCompile Include="src\gl\textures\gl_hwtexture.cpp">
      <Filter>GL Renderer\Textures</Filter>
    </ClCompile>
    <ClCompile Include="src\gl\textures\gl_material.cpp">
      <Filter>GL Renderer\Textures</Filter>
    </ClCompile>
    <ClCompile Include="src\gl\textures\gl_skyboxtexture.cpp">
      <Filter>GL Renderer\Textures</Filter>
    </ClCompile>
    <ClCompile Include="src\gl\textures\gl_texture.cpp">
      <Filter>GL Renderer\Textures</Filter>
    </ClCompile>
    <ClCompile Include="src\gl\textures\gl_translate.cpp">
      <Filter>GL Renderer\Textures</Filter>
    </ClCompile>
    <ClCompile Include="src\gl\models\gl_models.cpp">
      <Filter>GL Renderer\Models</Filter>
    </ClCompile>
    <ClCompile Include="src\gl\models\gl_models_md2.cpp">
      <Filter>GL Renderer\Models</Filter>
    </ClCompile>
    <ClCompile Include="src\gl\models\gl_models_md3.cpp">
      <Filter>GL Renderer\Models</Filter>
    </ClCompile>
    <ClCompile Include="src\gl\models\gl_voxels.cpp">
      <Filter>GL Renderer\Models</Filter>
    </ClCompile>
    <ClCompile Include="src\gl\scene\gl_bsp.cpp">
      <Filter>GL Renderer\Scene</Filter>
    </ClCompile>
    <ClCompile Include="src\gl\scene\gl_clipper.cpp">
      <Filter>GL Renderer\Scene</Filter>
    </ClCompile>
    <ClCompile Include="src\gl\scene\gl_decal.cpp">
      <Filter>GL Renderer\Scene</Filter>
    </ClCompile>
    <ClCompile Include="src\gl\scene\gl_drawinfo.cpp">
      <Filter>GL Renderer\Scene</Filter>
    </ClCompile>
    <ClCompile Include="src\gl\scene\gl_fakeflat.cpp">
      <Filter>GL Renderer\Scene</Filter>
    </ClCompile>
    <ClCompile Include="src\gl\scene\gl_flats.cpp">
      <Filter>GL Renderer\Scene</Filter>
    </ClCompile>
    <ClCompile Include="src\gl\scene\gl_portal.cpp">
      <Filter>GL Renderer\Scene</Filter>
    </ClCompile>
    <ClCompile Include="src\gl\scene\gl_renderhacks.cpp">
      <Filter>GL Renderer\Scene</Filter>
    </ClCompile>
    <ClCompile Include="src\gl\scene\gl_scene.cpp">
      <Filter>GL Renderer\Scene</Filter>
    </ClCompile>
    <ClCompile Include="src\gl\scene\gl_sky.cpp">
      <Filter>GL Renderer\Scene</Filter>
    </ClCompile>
    <ClCompile Include="src\gl\scene\gl_skydome.cpp">
      <Filter>GL Renderer\Scene</Filter>
    </ClCompile>
    <ClCompile Include="src\gl\scene\gl_sprite.cpp">
      <Filter>GL Renderer\Scene</Filter>
    </ClCompile>
    <ClCompile Include="src\gl\scene\gl_spritelight.cpp">
      <Filter>GL Renderer\Scene</Filter>
    </ClCompile>
    <ClCompile Include="src\gl\scene\gl_vertex.cpp">
      <Filter>GL Renderer\Scene</Filter>
    </ClCompile>
    <ClCompile Include="src\gl\scene\gl_walls.cpp">
      <Filter>GL Renderer\Scene</Filter>
    </ClCompile>
    <ClCompile Include="src\gl\scene\gl_walls_draw.cpp">
      <Filter>GL Renderer\Scene</Filter>
    </ClCompile>
    <ClCompile Include="src\gl\scene\gl_weapon.cpp">
      <Filter>GL Renderer\Scene</Filter>
    </ClCompile>
    <ClCompile Include="src\gl\data\gl_data.cpp">
      <Filter>GL Renderer\Data</Filter>
    </ClCompile>
    <ClCompile Include="src\gl\data\gl_portaldata.cpp">
      <Filter>GL Renderer\Data</Filter>
    </ClCompile>
    <ClCompile Include="src\gl\data\gl_sections.cpp">
      <Filter>GL Renderer\Data</Filter>
    </ClCompile>
    <ClCompile Include="src\gl\data\gl_setup.cpp">
      <Filter>GL Renderer\Data</Filter>
    </ClCompile>
    <ClCompile Include="src\gl\data\gl_vertexbuffer.cpp">
      <Filter>GL Renderer\Data</Filter>
    </ClCompile>
    <ClCompile Include="src\gl\utility\gl_clock.cpp">
      <Filter>GL Renderer\Utility</Filter>
    </ClCompile>
    <ClCompile Include="src\gl\utility\gl_cycler.cpp">
      <Filter>GL Renderer\Utility</Filter>
    </ClCompile>
    <ClCompile Include="src\gl\utility\gl_geometric.cpp">
      <Filter>GL Renderer\Utility</Filter>
    </ClCompile>
    <ClCompile Include="src\gl\renderer\gl_lightdata.cpp">
      <Filter>GL Renderer\Renderer</Filter>
    </ClCompile>
    <ClCompile Include="src\gl\renderer\gl_renderer.cpp">
      <Filter>GL Renderer\Renderer</Filter>
    </ClCompile>
    <ClCompile Include="src\gl\renderer\gl_renderstate.cpp">
      <Filter>GL Renderer\Renderer</Filter>
    </ClCompile>
    <ClCompile Include="src\gl\hqnx\hq2x.cpp">
      <Filter>GL Renderer\hqnx</Filter>
    </ClCompile>
    <ClCompile Include="src\gl\hqnx\hq3x.cpp">
      <Filter>GL Renderer\hqnx</Filter>
    </ClCompile>
    <ClCompile Include="src\gl\hqnx\hq4x.cpp">
      <Filter>GL Renderer\hqnx</Filter>
    </ClCompile>
    <ClCompile Include="src\gl\hqnx\Image.cpp">
      <Filter>GL Renderer\hqnx</Filter>
    </ClCompile>
    <ClCompile Include="src\resourcefiles\ancientzip.cpp">
      <Filter>Resource Files</Filter>
    </ClCompile>
    <ClCompile Include="src\resourcefiles\file_7z.cpp">
      <Filter>Resource Files</Filter>
    </ClCompile>
    <ClCompile Include="src\resourcefiles\file_directory.cpp">
      <Filter>Resource Files</Filter>
    </ClCompile>
    <ClCompile Include="src\resourcefiles\file_grp.cpp">
      <Filter>Resource Files</Filter>
    </ClCompile>
    <ClCompile Include="src\resourcefiles\file_lump.cpp">
      <Filter>Resource Files</Filter>
    </ClCompile>
    <ClCompile Include="src\resourcefiles\file_pak.cpp">
      <Filter>Resource Files</Filter>
    </ClCompile>
    <ClCompile Include="src\resourcefiles\file_rff.cpp">
      <Filter>Resource Files</Filter>
    </ClCompile>
    <ClCompile Include="src\resourcefiles\file_wad.cpp">
      <Filter>Resource Files</Filter>
    </ClCompile>
    <ClCompile Include="src\resourcefiles\file_zip.cpp">
      <Filter>Resource Files</Filter>
    </ClCompile>
    <ClCompile Include="src\resourcefiles\resourcefile.cpp">
      <Filter>Resource Files</Filter>
    </ClCompile>
    <ClCompile Include="src\menu\colorpickermenu.cpp">
      <Filter>Menu</Filter>
    </ClCompile>
    <ClCompile Include="src\menu\joystickmenu.cpp">
      <Filter>Menu</Filter>
    </ClCompile>
    <ClCompile Include="src\menu\listmenu.cpp">
      <Filter>Menu</Filter>
    </ClCompile>
    <ClCompile Include="src\menu\loadsavemenu.cpp">
      <Filter>Menu</Filter>
    </ClCompile>
    <ClCompile Include="src\menu\menu.cpp">
      <Filter>Menu</Filter>
    </ClCompile>
    <ClCompile Include="src\menu\menudef.cpp">
      <Filter>Menu</Filter>
    </ClCompile>
    <ClCompile Include="src\menu\menuinput.cpp">
      <Filter>Menu</Filter>
    </ClCompile>
    <ClCompile Include="src\menu\messagebox.cpp">
      <Filter>Menu</Filter>
    </ClCompile>
    <ClCompile Include="src\menu\optionmenu.cpp">
      <Filter>Menu</Filter>
    </ClCompile>
    <ClCompile Include="src\menu\playerdisplay.cpp">
      <Filter>Menu</Filter>
    </ClCompile>
    <ClCompile Include="src\menu\playermenu.cpp">
      <Filter>Menu</Filter>
    </ClCompile>
    <ClCompile Include="src\menu\readthis.cpp">
      <Filter>Menu</Filter>
    </ClCompile>
    <ClCompile Include="src\menu\videomenu.cpp">
      <Filter>Menu</Filter>
    </ClCompile>
    <ClCompile Include="src\thingdef\olddecorations.cpp">
      <Filter>Decorate++</Filter>
    </ClCompile>
    <ClCompile Include="src\thingdef\thingdef.cpp">
      <Filter>Decorate++</Filter>
    </ClCompile>
    <ClCompile Include="src\thingdef\thingdef_codeptr.cpp">
      <Filter>Decorate++</Filter>
    </ClCompile>
    <ClCompile Include="src\thingdef\thingdef_data.cpp">
      <Filter>Decorate++</Filter>
    </ClCompile>
    <ClCompile Include="src\thingdef\thingdef_exp.cpp">
      <Filter>Decorate++</Filter>
    </ClCompile>
    <ClCompile Include="src\thingdef\thingdef_expression.cpp">
      <Filter>Decorate++</Filter>
    </ClCompile>
    <ClCompile Include="src\thingdef\thingdef_function.cpp">
      <Filter>Decorate++</Filter>
    </ClCompile>
    <ClCompile Include="src\thingdef\thingdef_parse.cpp">
      <Filter>Decorate++</Filter>
    </ClCompile>
    <ClCompile Include="src\thingdef\thingdef_properties.cpp">
      <Filter>Decorate++</Filter>
    </ClCompile>
    <ClCompile Include="src\thingdef\thingdef_states.cpp">
      <Filter>Decorate++</Filter>
    </ClCompile>
    <ClCompile Include="src\g_doom\a_arachnotron.cpp">
      <Filter>Games\Doom Game</Filter>
    </ClCompile>
    <ClCompile Include="src\g_doom\a_archvile.cpp">
      <Filter>Games\Doom Game</Filter>
    </ClCompile>
    <ClCompile Include="src\g_doom\a_bossbrain.cpp">
      <Filter>Games\Doom Game</Filter>
    </ClCompile>
    <ClCompile Include="src\g_doom\a_bruiser.cpp">
      <Filter>Games\Doom Game</Filter>
    </ClCompile>
    <ClCompile Include="src\g_doom\a_cacodemon.cpp">
      <Filter>Games\Doom Game</Filter>
    </ClCompile>
    <ClCompile Include="src\g_doom\a_cyberdemon.cpp">
      <Filter>Games\Doom Game</Filter>
    </ClCompile>
    <ClCompile Include="src\g_doom\a_demon.cpp">
      <Filter>Games\Doom Game</Filter>
    </ClCompile>
    <ClCompile Include="src\g_doom\a_doomimp.cpp">
      <Filter>Games\Doom Game</Filter>
    </ClCompile>
    <ClCompile Include="src\g_doom\a_doommisc.cpp">
      <Filter>Games\Doom Game</Filter>
    </ClCompile>
    <ClCompile Include="src\g_doom\a_doomweaps.cpp">
      <Filter>Games\Doom Game</Filter>
    </ClCompile>
    <ClCompile Include="src\g_doom\a_fatso.cpp">
      <Filter>Games\Doom Game</Filter>
    </ClCompile>
    <ClCompile Include="src\g_doom\a_keen.cpp">
      <Filter>Games\Doom Game</Filter>
    </ClCompile>
    <ClCompile Include="src\g_doom\a_lostsoul.cpp">
      <Filter>Games\Doom Game</Filter>
    </ClCompile>
    <ClCompile Include="src\g_doom\a_painelemental.cpp">
      <Filter>Games\Doom Game</Filter>
    </ClCompile>
    <ClCompile Include="src\g_doom\a_possessed.cpp">
      <Filter>Games\Doom Game</Filter>
    </ClCompile>
    <ClCompile Include="src\g_doom\a_revenant.cpp">
      <Filter>Games\Doom Game</Filter>
    </ClCompile>
    <ClCompile Include="src\g_doom\a_scriptedmarine.cpp">
      <Filter>Games\Doom Game</Filter>
    </ClCompile>
    <ClCompile Include="src\g_doom\a_spidermaster.cpp">
      <Filter>Games\Doom Game</Filter>
    </ClCompile>
    <ClCompile Include="src\g_heretic\a_chicken.cpp">
      <Filter>Games\Heretic Game</Filter>
    </ClCompile>
    <ClCompile Include="src\g_heretic\a_dsparil.cpp">
      <Filter>Games\Heretic Game</Filter>
    </ClCompile>
    <ClCompile Include="src\g_heretic\a_hereticartifacts.cpp">
      <Filter>Games\Heretic Game</Filter>
    </ClCompile>
    <ClCompile Include="src\g_heretic\a_hereticimp.cpp">
      <Filter>Games\Heretic Game</Filter>
    </ClCompile>
    <ClCompile Include="src\g_heretic\a_hereticmisc.cpp">
      <Filter>Games\Heretic Game</Filter>
    </ClCompile>
    <ClCompile Include="src\g_heretic\a_hereticweaps.cpp">
      <Filter>Games\Heretic Game</Filter>
    </ClCompile>
    <ClCompile Include="src\g_heretic\a_ironlich.cpp">
      <Filter>Games\Heretic Game</Filter>
    </ClCompile>
    <ClCompile Include="src\g_heretic\a_knight.cpp">
      <Filter>Games\Heretic Game</Filter>
    </ClCompile>
    <ClCompile Include="src\g_heretic\a_wizard.cpp">
      <Filter>Games\Heretic Game</Filter>
    </ClCompile>
    <ClCompile Include="src\g_hexen\a_bats.cpp">
      <Filter>Games\Hexen Game</Filter>
    </ClCompile>
    <ClCompile Include="src\g_hexen\a_bishop.cpp">
      <Filter>Games\Hexen Game</Filter>
    </ClCompile>
    <ClCompile Include="src\g_hexen\a_blastradius.cpp">
      <Filter>Games\Hexen Game</Filter>
    </ClCompile>
    <ClCompile Include="src\g_hexen\a_boostarmor.cpp">
      <Filter>Games\Hexen Game</Filter>
    </ClCompile>
    <ClCompile Include="src\g_hexen\a_centaur.cpp">
      <Filter>Games\Hexen Game</Filter>
    </ClCompile>
    <ClCompile Include="src\g_hexen\a_clericflame.cpp">
      <Filter>Games\Hexen Game</Filter>
    </ClCompile>
    <ClCompile Include="src\g_hexen\a_clericholy.cpp">
      <Filter>Games\Hexen Game</Filter>
    </ClCompile>
    <ClCompile Include="src\g_hexen\a_clericmace.cpp">
      <Filter>Games\Hexen Game</Filter>
    </ClCompile>
    <ClCompile Include="src\g_hexen\a_clericstaff.cpp">
      <Filter>Games\Hexen Game</Filter>
    </ClCompile>
    <ClCompile Include="src\g_hexen\a_dragon.cpp">
      <Filter>Games\Hexen Game</Filter>
    </ClCompile>
    <ClCompile Include="src\g_hexen\a_fighteraxe.cpp">
      <Filter>Games\Hexen Game</Filter>
    </ClCompile>
    <ClCompile Include="src\g_hexen\a_fighterhammer.cpp">
      <Filter>Games\Hexen Game</Filter>
    </ClCompile>
    <ClCompile Include="src\g_hexen\a_fighterplayer.cpp">
      <Filter>Games\Hexen Game</Filter>
    </ClCompile>
    <ClCompile Include="src\g_hexen\a_fighterquietus.cpp">
      <Filter>Games\Hexen Game</Filter>
    </ClCompile>
    <ClCompile Include="src\g_hexen\a_firedemon.cpp">
      <Filter>Games\Hexen Game</Filter>
    </ClCompile>
    <ClCompile Include="src\g_hexen\a_flechette.cpp">
      <Filter>Games\Hexen Game</Filter>
    </ClCompile>
    <ClCompile Include="src\g_hexen\a_fog.cpp">
      <Filter>Games\Hexen Game</Filter>
    </ClCompile>
    <ClCompile Include="src\g_hexen\a_healingradius.cpp">
      <Filter>Games\Hexen Game</Filter>
    </ClCompile>
    <ClCompile Include="src\g_hexen\a_heresiarch.cpp">
      <Filter>Games\Hexen Game</Filter>
    </ClCompile>
    <ClCompile Include="src\g_hexen\a_hexenmisc.cpp">
      <Filter>Games\Hexen Game</Filter>
    </ClCompile>
    <ClCompile Include="src\g_hexen\a_hexenspecialdecs.cpp">
      <Filter>Games\Hexen Game</Filter>
    </ClCompile>
    <ClCompile Include="src\g_hexen\a_iceguy.cpp">
      <Filter>Games\Hexen Game</Filter>
    </ClCompile>
    <ClCompile Include="src\g_hexen\a_korax.cpp">
      <Filter>Games\Hexen Game</Filter>
    </ClCompile>
    <ClCompile Include="src\g_hexen\a_magecone.cpp">
      <Filter>Games\Hexen Game</Filter>
    </ClCompile>
    <ClCompile Include="src\g_hexen\a_magelightning.cpp">
      <Filter>Games\Hexen Game</Filter>
    </ClCompile>
    <ClCompile Include="src\g_hexen\a_magestaff.cpp">
      <Filter>Games\Hexen Game</Filter>
    </ClCompile>
    <ClCompile Include="src\g_hexen\a_pig.cpp">
      <Filter>Games\Hexen Game</Filter>
    </ClCompile>
    <ClCompile Include="src\g_hexen\a_serpent.cpp">
      <Filter>Games\Hexen Game</Filter>
    </ClCompile>
    <ClCompile Include="src\g_hexen\a_spike.cpp">
      <Filter>Games\Hexen Game</Filter>
    </ClCompile>
    <ClCompile Include="src\g_hexen\a_summon.cpp">
      <Filter>Games\Hexen Game</Filter>
    </ClCompile>
    <ClCompile Include="src\g_hexen\a_teleportother.cpp">
      <Filter>Games\Hexen Game</Filter>
    </ClCompile>
    <ClCompile Include="src\g_hexen\a_wraith.cpp">
      <Filter>Games\Hexen Game</Filter>
    </ClCompile>
    <ClCompile Include="src\g_raven\a_artitele.cpp">
      <Filter>Games\Raven Shared</Filter>
    </ClCompile>
    <ClCompile Include="src\g_raven\a_minotaur.cpp">
      <Filter>Games\Raven Shared</Filter>
    </ClCompile>
    <ClCompile Include="src\g_strife\a_acolyte.cpp">
      <Filter>Games\Strife Game</Filter>
    </ClCompile>
    <ClCompile Include="src\g_strife\a_alienspectres.cpp">
      <Filter>Games\Strife Game</Filter>
    </ClCompile>
    <ClCompile Include="src\g_strife\a_coin.cpp">
      <Filter>Games\Strife Game</Filter>
    </ClCompile>
    <ClCompile Include="src\g_strife\a_crusader.cpp">
      <Filter>Games\Strife Game</Filter>
    </ClCompile>
    <ClCompile Include="src\g_strife\a_entityboss.cpp">
      <Filter>Games\Strife Game</Filter>
    </ClCompile>
    <ClCompile Include="src\g_strife\a_inquisitor.cpp">
      <Filter>Games\Strife Game</Filter>
    </ClCompile>
    <ClCompile Include="src\g_strife\a_loremaster.cpp">
      <Filter>Games\Strife Game</Filter>
    </ClCompile>
    <ClCompile Include="src\g_strife\a_oracle.cpp">
      <Filter>Games\Strife Game</Filter>
    </ClCompile>
    <ClCompile Include="src\g_strife\a_programmer.cpp">
      <Filter>Games\Strife Game</Filter>
    </ClCompile>
    <ClCompile Include="src\g_strife\a_reaver.cpp">
      <Filter>Games\Strife Game</Filter>
    </ClCompile>
    <ClCompile Include="src\g_strife\a_rebels.cpp">
      <Filter>Games\Strife Game</Filter>
    </ClCompile>
    <ClCompile Include="src\g_strife\a_sentinel.cpp">
      <Filter>Games\Strife Game</Filter>
    </ClCompile>
    <ClCompile Include="src\g_strife\a_spectral.cpp">
      <Filter>Games\Strife Game</Filter>
    </ClCompile>
    <ClCompile Include="src\g_strife\a_stalker.cpp">
      <Filter>Games\Strife Game</Filter>
    </ClCompile>
    <ClCompile Include="src\g_strife\a_strifeitems.cpp">
      <Filter>Games\Strife Game</Filter>
    </ClCompile>
    <ClCompile Include="src\g_strife\a_strifestuff.cpp">
      <Filter>Games\Strife Game</Filter>
    </ClCompile>
    <ClCompile Include="src\g_strife\a_strifeweapons.cpp">
      <Filter>Games\Strife Game</Filter>
    </ClCompile>
    <ClCompile Include="src\g_strife\a_templar.cpp">
      <Filter>Games\Strife Game</Filter>
    </ClCompile>
    <ClCompile Include="src\g_strife\a_thingstoblowup.cpp">
      <Filter>Games\Strife Game</Filter>
    </ClCompile>
    <ClCompile Include="src\g_strife\strife_sbar.cpp">
      <Filter>Games\Strife Game</Filter>
    </ClCompile>
    <ClCompile Include="src\textures\anim_switches.cpp">
      <Filter>Render Data\Textures</Filter>
    </ClCompile>
    <ClCompile Include="src\textures\animations.cpp">
      <Filter>Render Data\Textures</Filter>
    </ClCompile>
    <ClCompile Include="src\textures\automaptexture.cpp">
      <Filter>Render Data\Textures</Filter>
    </ClCompile>
    <ClCompile Include="src\textures\bitmap.cpp">
      <Filter>Render Data\Textures</Filter>
    </ClCompile>
    <ClCompile Include="src\textures\buildtexture.cpp">
      <Filter>Render Data\Textures</Filter>
    </ClCompile>
    <ClCompile Include="src\textures\canvastexture.cpp">
      <Filter>Render Data\Textures</Filter>
    </ClCompile>
    <ClCompile Include="src\textures\ddstexture.cpp">
      <Filter>Render Data\Textures</Filter>
    </ClCompile>
    <ClCompile Include="src\textures\emptytexture.cpp">
      <Filter>Render Data\Textures</Filter>
    </ClCompile>
    <ClCompile Include="src\textures\flattexture.cpp">
      <Filter>Render Data\Textures</Filter>
    </ClCompile>
    <ClCompile Include="src\textures\imgztexture.cpp">
      <Filter>Render Data\Textures</Filter>
    </ClCompile>
    <ClCompile Include="src\textures\jpegtexture.cpp">
      <Filter>Render Data\Textures</Filter>
    </ClCompile>
    <ClCompile Include="src\textures\multipatchtexture.cpp">
      <Filter>Render Data\Textures</Filter>
    </ClCompile>
    <ClCompile Include="src\textures\patchtexture.cpp">
      <Filter>Render Data\Textures</Filter>
    </ClCompile>
    <ClCompile Include="src\textures\pcxtexture.cpp">
      <Filter>Render Data\Textures</Filter>
    </ClCompile>
    <ClCompile Include="src\textures\pngtexture.cpp">
      <Filter>Render Data\Textures</Filter>
    </ClCompile>
    <ClCompile Include="src\textures\rawpagetexture.cpp">
      <Filter>Render Data\Textures</Filter>
    </ClCompile>
    <ClCompile Include="src\textures\texture.cpp">
      <Filter>Render Data\Textures</Filter>
    </ClCompile>
    <ClCompile Include="src\textures\texturemanager.cpp">
      <Filter>Render Data\Textures</Filter>
    </ClCompile>
    <ClCompile Include="src\textures\tgatexture.cpp">
      <Filter>Render Data\Textures</Filter>
    </ClCompile>
    <ClCompile Include="src\textures\warptexture.cpp">
      <Filter>Render Data\Textures</Filter>
    </ClCompile>
    <ClCompile Include="src\r_data\colormaps.cpp">
      <Filter>Render Data\Resource Sources</Filter>
    </ClCompile>
    <ClCompile Include="src\r_data\r_interpolate.cpp">
      <Filter>Render Data\Resource Sources</Filter>
    </ClCompile>
    <ClCompile Include="src\r_data\r_translate.cpp">
      <Filter>Render Data\Resource Sources</Filter>
    </ClCompile>
    <ClCompile Include="src\r_data\renderstyle.cpp">
      <Filter>Render Data\Resource Sources</Filter>
    </ClCompile>
    <ClCompile Include="src\r_data\sprites.cpp">
      <Filter>Render Data\Resource Sources</Filter>
    </ClCompile>
    <ClCompile Include="src\r_data\voxels.cpp">
      <Filter>Render Data\Resource Sources</Filter>
    </ClCompile>
    <ClCompile Include="src\r_sky.cpp">
      <Filter>Render Interface</Filter>
    </ClCompile>
    <ClCompile Include="src\r_utility.cpp">
      <Filter>Render Interface</Filter>
    </ClCompile>
  </ItemGroup>
  <ItemGroup>
    <ClInclude Include="src\sc_man_scanner.h">
      <Filter>!Source Files</Filter>
    </ClInclude>
    <ClInclude Include="src\actionspecials.h">
      <Filter>!Header Files</Filter>
    </ClInclude>
    <ClInclude Include="src\actor.h">
      <Filter>!Header Files</Filter>
    </ClInclude>
    <ClInclude Include="src\actorptrselect.h">
      <Filter>!Header Files</Filter>
    </ClInclude>
    <ClInclude Include="src\am_map.h">
      <Filter>!Header Files</Filter>
    </ClInclude>
    <ClInclude Include="src\announcer.h">
      <Filter>!Header Files</Filter>
    </ClInclude>
    <ClInclude Include="src\autosegs.h">
      <Filter>!Header Files</Filter>
    </ClInclude>
    <ClInclude Include="src\b_bot.H">
      <Filter>!Header Files</Filter>
    </ClInclude>
    <ClInclude Include="src\basicinlines.h">
      <Filter>!Header Files</Filter>
    </ClInclude>
    <ClInclude Include="src\basictypes.h">
      <Filter>!Header Files</Filter>
    </ClInclude>
    <ClInclude Include="src\c_bind.h">
      <Filter>!Header Files</Filter>
    </ClInclude>
    <ClInclude Include="src\c_console.h">
      <Filter>!Header Files</Filter>
    </ClInclude>
    <ClInclude Include="src\c_cvars.h">
      <Filter>!Header Files</Filter>
    </ClInclude>
    <ClInclude Include="src\c_dispatch.h">
      <Filter>!Header Files</Filter>
    </ClInclude>
    <ClInclude Include="src\cmdlib.h">
      <Filter>!Header Files</Filter>
    </ClInclude>
    <ClInclude Include="src\colormatcher.h">
      <Filter>!Header Files</Filter>
    </ClInclude>
    <ClInclude Include="src\compatibility.h">
      <Filter>!Header Files</Filter>
    </ClInclude>
    <ClInclude Include="src\configfile.h">
      <Filter>!Header Files</Filter>
    </ClInclude>
    <ClInclude Include="src\d_dehacked.h">
      <Filter>!Header Files</Filter>
    </ClInclude>
    <ClInclude Include="src\d_event.h">
      <Filter>!Header Files</Filter>
    </ClInclude>
    <ClInclude Include="src\d_gui.h">
      <Filter>!Header Files</Filter>
    </ClInclude>
    <ClInclude Include="src\d_main.h">
      <Filter>!Header Files</Filter>
    </ClInclude>
    <ClInclude Include="src\d_net.h">
      <Filter>!Header Files</Filter>
    </ClInclude>
    <ClInclude Include="src\d_netinf.h">
      <Filter>!Header Files</Filter>
    </ClInclude>
    <ClInclude Include="src\d_player.h">
      <Filter>!Header Files</Filter>
    </ClInclude>
    <ClInclude Include="src\d_protocol.h">
      <Filter>!Header Files</Filter>
    </ClInclude>
    <ClInclude Include="src\d_ticcmd.h">
      <Filter>!Header Files</Filter>
    </ClInclude>
    <ClInclude Include="src\decallib.h">
      <Filter>!Header Files</Filter>
    </ClInclude>
    <ClInclude Include="src\dobject.h">
      <Filter>!Header Files</Filter>
    </ClInclude>
    <ClInclude Include="src\dobjtype.h">
      <Filter>!Header Files</Filter>
    </ClInclude>
    <ClInclude Include="src\doomdata.h">
      <Filter>!Header Files</Filter>
    </ClInclude>
    <ClInclude Include="src\doomdef.h">
      <Filter>!Header Files</Filter>
    </ClInclude>
    <ClInclude Include="src\doomerrors.h">
      <Filter>!Header Files</Filter>
    </ClInclude>
    <ClInclude Include="src\doomstat.h">
      <Filter>!Header Files</Filter>
    </ClInclude>
    <ClInclude Include="src\doomtype.h">
      <Filter>!Header Files</Filter>
    </ClInclude>
    <ClInclude Include="src\dsectoreffect.h">
      <Filter>!Header Files</Filter>
    </ClInclude>
    <ClInclude Include="src\dthinker.h">
      <Filter>!Header Files</Filter>
    </ClInclude>
    <ClInclude Include="src\f_finale.h">
      <Filter>!Header Files</Filter>
    </ClInclude>
    <ClInclude Include="src\f_wipe.h">
      <Filter>!Header Files</Filter>
    </ClInclude>
    <ClInclude Include="src\farchive.h">
      <Filter>!Header Files</Filter>
    </ClInclude>
    <ClInclude Include="src\files.h">
      <Filter>!Header Files</Filter>
    </ClInclude>
    <ClInclude Include="src\g_game.h">
      <Filter>!Header Files</Filter>
    </ClInclude>
    <ClInclude Include="src\g_hub.h">
      <Filter>!Header Files</Filter>
    </ClInclude>
    <ClInclude Include="src\g_level.h">
      <Filter>!Header Files</Filter>
    </ClInclude>
    <ClInclude Include="src\gameconfigfile.h">
      <Filter>!Header Files</Filter>
    </ClInclude>
    <ClInclude Include="src\gametype.h">
      <Filter>!Header Files</Filter>
    </ClInclude>
    <ClInclude Include="src\gccinlines.h">
      <Filter>!Header Files</Filter>
    </ClInclude>
    <ClInclude Include="src\gi.h">
      <Filter>!Header Files</Filter>
    </ClInclude>
    <ClInclude Include="src\gstrings.h">
      <Filter>!Header Files</Filter>
    </ClInclude>
    <ClInclude Include="src\hu_stuff.h">
      <Filter>!Header Files</Filter>
    </ClInclude>
    <ClInclude Include="src\i_cd.h">
      <Filter>!Header Files</Filter>
    </ClInclude>
    <ClInclude Include="src\i_movie.h">
      <Filter>!Header Files</Filter>
    </ClInclude>
    <ClInclude Include="src\i_net.h">
      <Filter>!Header Files</Filter>
    </ClInclude>
    <ClInclude Include="src\i_video.h">
      <Filter>!Header Files</Filter>
    </ClInclude>
    <ClInclude Include="src\Info.h">
      <Filter>!Header Files</Filter>
    </ClInclude>
    <ClInclude Include="src\lists.h">
      <Filter>!Header Files</Filter>
    </ClInclude>
    <ClInclude Include="src\lumpconfigfile.h">
      <Filter>!Header Files</Filter>
    </ClInclude>
    <ClInclude Include="src\m_alloc.h">
      <Filter>!Header Files</Filter>
    </ClInclude>
    <ClInclude Include="src\m_argv.h">
      <Filter>!Header Files</Filter>
    </ClInclude>
    <ClInclude Include="src\m_bbox.h">
      <Filter>!Header Files</Filter>
    </ClInclude>
    <ClInclude Include="src\m_cheat.h">
      <Filter>!Header Files</Filter>
    </ClInclude>
    <ClInclude Include="src\m_crc32.h">
      <Filter>!Header Files</Filter>
    </ClInclude>
    <ClInclude Include="src\m_fixed.h">
      <Filter>!Header Files</Filter>
    </ClInclude>
    <ClInclude Include="src\m_joy.h">
      <Filter>!Header Files</Filter>
    </ClInclude>
    <ClInclude Include="src\m_misc.h">
      <Filter>!Header Files</Filter>
    </ClInclude>
    <ClInclude Include="src\m_png.h">
      <Filter>!Header Files</Filter>
    </ClInclude>
    <ClInclude Include="src\m_random.h">
      <Filter>!Header Files</Filter>
    </ClInclude>
    <ClInclude Include="src\m_swap.h">
      <Filter>!Header Files</Filter>
    </ClInclude>
    <ClInclude Include="src\md5.h">
      <Filter>!Header Files</Filter>
    </ClInclude>
    <ClInclude Include="src\memarena.h">
      <Filter>!Header Files</Filter>
    </ClInclude>
    <ClInclude Include="src\mscinlines.h">
      <Filter>!Header Files</Filter>
    </ClInclude>
    <ClInclude Include="src\mus2midi.h">
      <Filter>!Header Files</Filter>
    </ClInclude>
    <ClInclude Include="src\name.h">
      <Filter>!Header Files</Filter>
    </ClInclude>
    <ClInclude Include="src\namedef.h">
      <Filter>!Header Files</Filter>
    </ClInclude>
    <ClInclude Include="src\nodebuild.h">
      <Filter>!Header Files</Filter>
    </ClInclude>
    <ClInclude Include="src\p_3dfloors.h">
      <Filter>!Header Files</Filter>
    </ClInclude>
    <ClInclude Include="src\p_3dmidtex.h">
      <Filter>!Header Files</Filter>
    </ClInclude>
    <ClInclude Include="src\p_acs.h">
      <Filter>!Header Files</Filter>
    </ClInclude>
    <ClInclude Include="src\p_conversation.h">
      <Filter>!Header Files</Filter>
    </ClInclude>
    <ClInclude Include="src\p_effect.h">
      <Filter>!Header Files</Filter>
    </ClInclude>
    <ClInclude Include="src\p_enemy.h">
      <Filter>!Header Files</Filter>
    </ClInclude>
    <ClInclude Include="src\p_lnspec.h">
      <Filter>!Header Files</Filter>
    </ClInclude>
    <ClInclude Include="src\p_local.h">
      <Filter>!Header Files</Filter>
    </ClInclude>
    <ClInclude Include="src\p_pspr.h">
      <Filter>!Header Files</Filter>
    </ClInclude>
    <ClInclude Include="src\p_saveg.h">
      <Filter>!Header Files</Filter>
    </ClInclude>
    <ClInclude Include="src\p_setup.h">
      <Filter>!Header Files</Filter>
    </ClInclude>
    <ClInclude Include="src\p_spec.h">
      <Filter>!Header Files</Filter>
    </ClInclude>
    <ClInclude Include="src\p_terrain.h">
      <Filter>!Header Files</Filter>
    </ClInclude>
    <ClInclude Include="src\p_tick.h">
      <Filter>!Header Files</Filter>
    </ClInclude>
    <ClInclude Include="src\p_trace.h">
      <Filter>!Header Files</Filter>
    </ClInclude>
    <ClInclude Include="src\parsecontext.h">
      <Filter>!Header Files</Filter>
    </ClInclude>
    <ClInclude Include="src\po_man.h">
      <Filter>!Header Files</Filter>
    </ClInclude>
    <ClInclude Include="src\s_playlist.h">
      <Filter>!Header Files</Filter>
    </ClInclude>
    <ClInclude Include="src\s_sndseq.h">
      <Filter>!Header Files</Filter>
    </ClInclude>
    <ClInclude Include="src\s_sound.h">
      <Filter>!Header Files</Filter>
    </ClInclude>
    <ClInclude Include="src\sc_man.h">
      <Filter>!Header Files</Filter>
    </ClInclude>
    <ClInclude Include="src\sc_man_tokens.h">
      <Filter>!Header Files</Filter>
    </ClInclude>
    <ClInclude Include="src\skins.h">
      <Filter>!Header Files</Filter>
    </ClInclude>
    <ClInclude Include="src\st_start.h">
      <Filter>!Header Files</Filter>
    </ClInclude>
    <ClInclude Include="src\st_stuff.h">
      <Filter>!Header Files</Filter>
    </ClInclude>
    <ClInclude Include="src\statnums.h">
      <Filter>!Header Files</Filter>
    </ClInclude>
    <ClInclude Include="src\stats.h">
      <Filter>!Header Files</Filter>
    </ClInclude>
    <ClInclude Include="src\stringtable.h">
      <Filter>!Header Files</Filter>
    </ClInclude>
    <ClInclude Include="src\strnatcmp.h">
      <Filter>!Header Files</Filter>
    </ClInclude>
    <ClInclude Include="src\Tables.h">
      <Filter>!Header Files</Filter>
    </ClInclude>
    <ClInclude Include="src\tarray.h">
      <Filter>!Header Files</Filter>
    </ClInclude>
    <ClInclude Include="src\teaminfo.h">
      <Filter>!Header Files</Filter>
    </ClInclude>
    <ClInclude Include="src\tempfiles.h">
      <Filter>!Header Files</Filter>
    </ClInclude>
    <ClInclude Include="src\templates.h">
      <Filter>!Header Files</Filter>
    </ClInclude>
    <ClInclude Include="src\v_collection.h">
      <Filter>!Header Files</Filter>
    </ClInclude>
    <ClInclude Include="src\v_font.h">
      <Filter>!Header Files</Filter>
    </ClInclude>
    <ClInclude Include="src\v_palette.h">
      <Filter>!Header Files</Filter>
    </ClInclude>
    <ClInclude Include="src\v_pfx.h">
      <Filter>!Header Files</Filter>
    </ClInclude>
    <ClInclude Include="src\v_text.h">
      <Filter>!Header Files</Filter>
    </ClInclude>
    <ClInclude Include="src\v_video.h">
      <Filter>!Header Files</Filter>
    </ClInclude>
    <ClInclude Include="src\vectors.h">
      <Filter>!Header Files</Filter>
    </ClInclude>
    <ClInclude Include="src\w_wad.h">
      <Filter>!Header Files</Filter>
    </ClInclude>
    <ClInclude Include="src\w_zip.h">
      <Filter>!Header Files</Filter>
    </ClInclude>
    <ClInclude Include="src\weightedlist.h">
      <Filter>!Header Files</Filter>
    </ClInclude>
    <ClInclude Include="src\wi_stuff.h">
      <Filter>!Header Files</Filter>
    </ClInclude>
    <ClInclude Include="src\x86.h">
      <Filter>!Header Files</Filter>
    </ClInclude>
    <ClInclude Include="src\xs_Float.h">
      <Filter>!Header Files</Filter>
    </ClInclude>
    <ClInclude Include="src\zstring.h">
      <Filter>!Header Files</Filter>
    </ClInclude>
    <ClInclude Include="src\win32\critsec.h">
      <Filter>Win32 Files</Filter>
    </ClInclude>
    <ClInclude Include="src\win32\hardware.h">
      <Filter>Win32 Files</Filter>
    </ClInclude>
    <ClInclude Include="src\win32\helperthread.h">
      <Filter>Win32 Files</Filter>
    </ClInclude>
    <ClInclude Include="src\win32\i_input.h">
      <Filter>Win32 Files</Filter>
    </ClInclude>
    <ClInclude Include="src\win32\I_system.h">
      <Filter>Win32 Files</Filter>
    </ClInclude>
    <ClInclude Include="src\win32\rawinput.h">
      <Filter>Win32 Files</Filter>
    </ClInclude>
    <ClInclude Include="src\win32\resource.h">
      <Filter>Win32 Files</Filter>
    </ClInclude>
    <ClInclude Include="src\win32\win32gliface.h">
      <Filter>Win32 Files</Filter>
    </ClInclude>
    <ClInclude Include="src\win32\win32iface.h">
      <Filter>Win32 Files</Filter>
    </ClInclude>
    <ClInclude Include="src\g_shared\a_action.h">
      <Filter>Shared Game</Filter>
    </ClInclude>
    <ClInclude Include="src\g_shared\a_artifacts.h">
      <Filter>Shared Game</Filter>
    </ClInclude>
    <ClInclude Include="src\g_shared\a_keys.h">
      <Filter>Shared Game</Filter>
    </ClInclude>
    <ClInclude Include="src\g_shared\a_lightning.h">
      <Filter>Shared Game</Filter>
    </ClInclude>
    <ClInclude Include="src\g_shared\a_pickups.h">
      <Filter>Shared Game</Filter>
    </ClInclude>
    <ClInclude Include="src\g_shared\a_sharedglobal.h">
      <Filter>Shared Game</Filter>
    </ClInclude>
    <ClInclude Include="src\g_shared\a_specialspot.h">
      <Filter>Shared Game</Filter>
    </ClInclude>
    <ClInclude Include="src\g_shared\a_weaponpiece.h">
      <Filter>Shared Game</Filter>
    </ClInclude>
    <ClInclude Include="src\g_shared\sbar.h">
      <Filter>Shared Game</Filter>
    </ClInclude>
    <ClInclude Include="src\g_shared\sbarinfo.h">
      <Filter>Shared Game</Filter>
    </ClInclude>
    <ClInclude Include="src\intermission\intermission.h">
      <Filter>Intermission</Filter>
    </ClInclude>
    <ClInclude Include="src\r_3dfloors.h">
      <Filter>Render Core\Render Headers</Filter>
    </ClInclude>
    <ClInclude Include="src\r_bsp.h">
      <Filter>Render Core\Render Headers</Filter>
    </ClInclude>
    <ClInclude Include="src\r_draw.h">
      <Filter>Render Core\Render Headers</Filter>
    </ClInclude>
    <ClInclude Include="src\r_local.h">
      <Filter>Render Core\Render Headers</Filter>
    </ClInclude>
    <ClInclude Include="src\r_main.h">
      <Filter>Render Core\Render Headers</Filter>
    </ClInclude>
    <ClInclude Include="src\r_plane.h">
      <Filter>Render Core\Render Headers</Filter>
    </ClInclude>
    <ClInclude Include="src\r_polymost.h">
      <Filter>Render Core\Render Headers</Filter>
    </ClInclude>
    <ClInclude Include="src\r_segs.h">
      <Filter>Render Core\Render Headers</Filter>
    </ClInclude>
    <ClInclude Include="src\r_swrenderer.h">
      <Filter>Render Core\Render Headers</Filter>
    </ClInclude>
    <ClInclude Include="src\r_things.h">
      <Filter>Render Core\Render Headers</Filter>
    </ClInclude>
    <ClInclude Include="src\version.h">
      <Filter>Versioning</Filter>
    </ClInclude>
    <ClInclude Include="src\sound\fmod_wrap.h">
      <Filter>Audio Files</Filter>
    </ClInclude>
    <ClInclude Include="src\sound\fmodsound.h">
      <Filter>Audio Files</Filter>
    </ClInclude>
    <ClInclude Include="src\sound\i_music.h">
      <Filter>Audio Files</Filter>
    </ClInclude>
    <ClInclude Include="src\sound\i_musicinterns.h">
      <Filter>Audio Files</Filter>
    </ClInclude>
    <ClInclude Include="src\sound\i_sound.h">
      <Filter>Audio Files</Filter>
    </ClInclude>
    <ClInclude Include="src\sound\i_soundinternal.h">
      <Filter>Audio Files</Filter>
    </ClInclude>
    <ClInclude Include="src\oplsynth\DEFTYPES.H">
      <Filter>Audio Files\OPL Synth</Filter>
    </ClInclude>
    <ClInclude Include="src\oplsynth\muslib.h">
      <Filter>Audio Files\OPL Synth</Filter>
    </ClInclude>
    <ClInclude Include="src\oplsynth\opl.h">
      <Filter>Audio Files\OPL Synth</Filter>
    </ClInclude>
    <ClInclude Include="src\oplsynth\opl_mus_player.h">
      <Filter>Audio Files\OPL Synth</Filter>
    </ClInclude>
    <ClInclude Include="src\oplsynth\dosbox\opl.h">
      <Filter>Audio Files\OPL Synth\DOSBox</Filter>
    </ClInclude>
    <ClInclude Include="src\timidity\dls1.h">
      <Filter>Audio Files\Timidity\Headers</Filter>
    </ClInclude>
    <ClInclude Include="src\timidity\dls2.h">
      <Filter>Audio Files\Timidity\Headers</Filter>
    </ClInclude>
    <ClInclude Include="src\timidity\gf1patch.h">
      <Filter>Audio Files\Timidity\Headers</Filter>
    </ClInclude>
    <ClInclude Include="src\timidity\sf2.h">
      <Filter>Audio Files\Timidity\Headers</Filter>
    </ClInclude>
    <ClInclude Include="src\timidity\timidity.h">
      <Filter>Audio Files\Timidity\Headers</Filter>
    </ClInclude>
    <ClInclude Include="src\sdl\critsec.h">
      <Filter>SDL Files</Filter>
    </ClInclude>
    <ClInclude Include="src\xlat\xlat.h">
      <Filter>Xlat</Filter>
    </ClInclude>
    <ClInclude Include="src\xlat\xlat_parser.h">
      <Filter>Xlat</Filter>
    </ClInclude>
    <ClInclude Include="src\sfmt\SFMT-alti.h">
      <Filter>SFMT</Filter>
    </ClInclude>
    <ClInclude Include="src\sfmt\SFMT-params.h">
      <Filter>SFMT</Filter>
    </ClInclude>
    <ClInclude Include="src\sfmt\SFMT-params11213.h">
      <Filter>SFMT</Filter>
    </ClInclude>
    <ClInclude Include="src\sfmt\SFMT-params1279.h">
      <Filter>SFMT</Filter>
    </ClInclude>
    <ClInclude Include="src\sfmt\SFMT-params132049.h">
      <Filter>SFMT</Filter>
    </ClInclude>
    <ClInclude Include="src\sfmt\SFMT-params19937.h">
      <Filter>SFMT</Filter>
    </ClInclude>
    <ClInclude Include="src\sfmt\SFMT-params216091.h">
      <Filter>SFMT</Filter>
    </ClInclude>
    <ClInclude Include="src\sfmt\SFMT-params2281.h">
      <Filter>SFMT</Filter>
    </ClInclude>
    <ClInclude Include="src\sfmt\SFMT-params4253.h">
      <Filter>SFMT</Filter>
    </ClInclude>
    <ClInclude Include="src\sfmt\SFMT-params44497.h">
      <Filter>SFMT</Filter>
    </ClInclude>
    <ClInclude Include="src\sfmt\SFMT-params607.h">
      <Filter>SFMT</Filter>
    </ClInclude>
    <ClInclude Include="src\sfmt\SFMT-params86243.h">
      <Filter>SFMT</Filter>
    </ClInclude>
    <ClInclude Include="src\sfmt\SFMT-sse2.h">
      <Filter>SFMT</Filter>
    </ClInclude>
    <ClInclude Include="src\sfmt\SFMT.h">
      <Filter>SFMT</Filter>
    </ClInclude>
    <ClInclude Include="src\fragglescript\t_fs.h">
      <Filter>FraggleScript</Filter>
    </ClInclude>
    <ClInclude Include="src\fragglescript\t_script.h">
      <Filter>FraggleScript</Filter>
    </ClInclude>
    <ClInclude Include="src\gl\gl_functions.h">
      <Filter>GL Renderer</Filter>
    </ClInclude>
    <ClInclude Include="src\gl\api\gl_api.h">
      <Filter>GL Renderer\System</Filter>
    </ClInclude>
    <ClInclude Include="src\gl\system\gl_cvars.h">
      <Filter>GL Renderer\System</Filter>
    </ClInclude>
    <ClInclude Include="src\gl\system\gl_framebuffer.h">
      <Filter>GL Renderer\System</Filter>
    </ClInclude>
    <ClInclude Include="src\gl\system\gl_interface.h">
      <Filter>GL Renderer\System</Filter>
    </ClInclude>
    <ClInclude Include="src\gl\system\gl_system.h">
      <Filter>GL Renderer\System</Filter>
    </ClInclude>
    <ClInclude Include="src\gl\system\gl_threads.h">
      <Filter>GL Renderer\System</Filter>
    </ClInclude>
    <ClInclude Include="src\gl\shaders\gl_shader.h">
      <Filter>GL Renderer\Shaders</Filter>
    </ClInclude>
    <ClInclude Include="src\gl\shaders\gl_texshader.h">
      <Filter>GL Renderer\Shaders</Filter>
    </ClInclude>
    <ClInclude Include="src\gl\dynlights\gl_dynlight.h">
      <Filter>GL Renderer\Dynamic light</Filter>
    </ClInclude>
    <ClInclude Include="src\gl\dynlights\gl_glow.h">
      <Filter>GL Renderer\Dynamic light</Filter>
    </ClInclude>
    <ClInclude Include="src\gl\dynlights\gl_lightbuffer.h">
      <Filter>GL Renderer\Dynamic light</Filter>
    </ClInclude>
    <ClInclude Include="src\gl\textures\gl_bitmap.h">
      <Filter>GL Renderer\Textures</Filter>
    </ClInclude>
    <ClInclude Include="src\gl\textures\gl_hwtexture.h">
      <Filter>GL Renderer\Textures</Filter>
    </ClInclude>
    <ClInclude Include="src\gl\textures\gl_material.h">
      <Filter>GL Renderer\Textures</Filter>
    </ClInclude>
    <ClInclude Include="src\gl\textures\gl_skyboxtexture.h">
      <Filter>GL Renderer\Textures</Filter>
    </ClInclude>
    <ClInclude Include="src\gl\textures\gl_texture.h">
      <Filter>GL Renderer\Textures</Filter>
    </ClInclude>
    <ClInclude Include="src\gl\textures\gl_translate.h">
      <Filter>GL Renderer\Textures</Filter>
    </ClInclude>
    <ClInclude Include="src\gl\models\gl_models.h">
      <Filter>GL Renderer\Models</Filter>
    </ClInclude>
    <ClInclude Include="src\gl\models\tab_anorms.h">
      <Filter>GL Renderer\Models</Filter>
    </ClInclude>
    <ClInclude Include="src\gl\scene\gl_clipper.h">
      <Filter>GL Renderer\Scene</Filter>
    </ClInclude>
    <ClInclude Include="src\gl\scene\gl_drawinfo.h">
      <Filter>GL Renderer\Scene</Filter>
    </ClInclude>
    <ClInclude Include="src\gl\scene\gl_portal.h">
      <Filter>GL Renderer\Scene</Filter>
    </ClInclude>
    <ClInclude Include="src\gl\scene\gl_wall.h">
      <Filter>GL Renderer\Scene</Filter>
    </ClInclude>
    <ClInclude Include="src\gl\data\gl_data.h">
      <Filter>GL Renderer\Data</Filter>
    </ClInclude>
    <ClInclude Include="src\gl\data\gl_sections.h">
      <Filter>GL Renderer\Data</Filter>
    </ClInclude>
    <ClInclude Include="src\gl\data\gl_vertexbuffer.h">
      <Filter>GL Renderer\Data</Filter>
    </ClInclude>
    <ClInclude Include="src\gl\utility\gl_clock.h">
      <Filter>GL Renderer\Utility</Filter>
    </ClInclude>
    <ClInclude Include="src\gl\utility\gl_convert.h">
      <Filter>GL Renderer\Utility</Filter>
    </ClInclude>
    <ClInclude Include="src\gl\utility\gl_cycler.h">
      <Filter>GL Renderer\Utility</Filter>
    </ClInclude>
    <ClInclude Include="src\gl\utility\gl_geometric.h">
      <Filter>GL Renderer\Utility</Filter>
    </ClInclude>
    <ClInclude Include="src\gl\utility\gl_templates.h">
      <Filter>GL Renderer\Utility</Filter>
    </ClInclude>
    <ClInclude Include="src\gl\renderer\gl_colormap.h">
      <Filter>GL Renderer\Renderer</Filter>
    </ClInclude>
    <ClInclude Include="src\gl\renderer\gl_lightdata.h">
      <Filter>GL Renderer\Renderer</Filter>
    </ClInclude>
    <ClInclude Include="src\gl\renderer\gl_renderer.h">
      <Filter>GL Renderer\Renderer</Filter>
    </ClInclude>
    <ClInclude Include="src\gl\renderer\gl_renderstate.h">
      <Filter>GL Renderer\Renderer</Filter>
    </ClInclude>
    <ClInclude Include="src\gl\hqnx\hqnx.h">
      <Filter>GL Renderer\hqnx</Filter>
    </ClInclude>
    <ClInclude Include="src\gl\hqnx\Image.h">
      <Filter>GL Renderer\hqnx</Filter>
    </ClInclude>
    <ClInclude Include="src\resourcefiles\ancientzip.h">
      <Filter>Resource Files</Filter>
    </ClInclude>
    <ClInclude Include="src\resourcefiles\resourcefile.h">
      <Filter>Resource Files</Filter>
    </ClInclude>
    <ClInclude Include="src\menu\menu.h">
      <Filter>Menu</Filter>
    </ClInclude>
    <ClInclude Include="src\menu\optionmenuitems.h">
      <Filter>Menu</Filter>
    </ClInclude>
    <ClInclude Include="src\thingdef\thingdef.h">
      <Filter>Decorate++</Filter>
    </ClInclude>
    <ClInclude Include="src\thingdef\thingdef_exp.h">
      <Filter>Decorate++</Filter>
    </ClInclude>
    <ClInclude Include="src\thingdef\thingdef_type.h">
      <Filter>Decorate++</Filter>
    </ClInclude>
    <ClInclude Include="src\g_doom\a_doomglobal.h">
      <Filter>Games\Doom Game</Filter>
    </ClInclude>
    <ClInclude Include="src\g_hexen\a_hexenglobal.h">
      <Filter>Games\Hexen Game</Filter>
    </ClInclude>
    <ClInclude Include="src\g_raven\ravenshared.h">
      <Filter>Games\Raven Shared</Filter>
    </ClInclude>
    <ClInclude Include="src\g_strife\a_strifeglobal.h">
      <Filter>Games\Strife Game</Filter>
    </ClInclude>
    <ClInclude Include="src\textures\bitmap.h">
      <Filter>Render Data\Textures</Filter>
    </ClInclude>
    <ClInclude Include="src\textures\textures.h">
      <Filter>Render Data\Textures</Filter>
    </ClInclude>
    <ClInclude Include="src\r_data\colormaps.h">
      <Filter>Render Data\Resource Headers</Filter>
    </ClInclude>
    <ClInclude Include="src\r_data\r_interpolate.h">
      <Filter>Render Data\Resource Headers</Filter>
    </ClInclude>
    <ClInclude Include="src\r_data\r_translate.h">
      <Filter>Render Data\Resource Headers</Filter>
    </ClInclude>
    <ClInclude Include="src\r_data\renderstyle.h">
      <Filter>Render Data\Resource Headers</Filter>
    </ClInclude>
    <ClInclude Include="src\r_data\sprites.h">
      <Filter>Render Data\Resource Headers</Filter>
    </ClInclude>
    <ClInclude Include="src\r_data\voxels.h">
      <Filter>Render Data\Resource Headers</Filter>
    </ClInclude>
    <ClInclude Include="src\r_defs.h">
      <Filter>Render Interface</Filter>
    </ClInclude>
    <ClInclude Include="src\r_renderer.h">
      <Filter>Render Interface</Filter>
    </ClInclude>
    <ClInclude Include="src\r_sky.h">
      <Filter>Render Interface</Filter>
    </ClInclude>
    <ClInclude Include="src\r_state.h">
      <Filter>Render Interface</Filter>
    </ClInclude>
    <ClInclude Include="src\r_utility.h">
      <Filter>Render Interface</Filter>
    </ClInclude>
  </ItemGroup>
  <ItemGroup>
    <None Include="src\win32\cursor1.cur">
      <Filter>Win32 Files</Filter>
    </None>
    <None Include="wadsrc\static\shaders\d3d9\shaders.ps">
      <Filter>Win32 Files</Filter>
    </None>
    <None Include="docs\console.html">
      <Filter>Text Files</Filter>
    </None>
    <None Include="src\timidity\CHANGES">
      <Filter>Audio Files\Timidity\Docs</Filter>
    </None>
    <None Include="src\timidity\COPYING">
      <Filter>Audio Files\Timidity\Docs</Filter>
    </None>
    <None Include="src\timidity\FAQ">
      <Filter>Audio Files\Timidity\Docs</Filter>
    </None>
    <None Include="src\timidity\README">
      <Filter>Audio Files\Timidity\Docs</Filter>
    </None>
    <None Include="wadsrc\static\shaders\glsl\fogboundary.fp">
      <Filter>GL Renderer\Shaders\Shader Sources</Filter>
    </None>
    <None Include="wadsrc\static\shaders\glsl\func_brightmap.fp">
      <Filter>GL Renderer\Shaders\Shader Sources</Filter>
    </None>
    <None Include="wadsrc\static\shaders\glsl\func_normal.fp">
      <Filter>GL Renderer\Shaders\Shader Sources</Filter>
    </None>
    <None Include="wadsrc\static\shaders\glsl\func_notexture.fp">
      <Filter>GL Renderer\Shaders\Shader Sources</Filter>
    </None>
    <None Include="wadsrc\static\shaders\glsl\func_warp1.fp">
      <Filter>GL Renderer\Shaders\Shader Sources</Filter>
    </None>
    <None Include="wadsrc\static\shaders\glsl\func_warp2.fp">
      <Filter>GL Renderer\Shaders\Shader Sources</Filter>
    </None>
    <None Include="wadsrc\static\shaders\glsl\main.fp">
      <Filter>GL Renderer\Shaders\Shader Sources</Filter>
    </None>
    <None Include="wadsrc\static\shaders\glsl\main.vp">
      <Filter>GL Renderer\Shaders\Shader Sources</Filter>
    </None>
    <None Include="wadsrc\static\shaders\glsl\main_colormap.fp">
      <Filter>GL Renderer\Shaders\Shader Sources</Filter>
    </None>
    <None Include="wadsrc\static\shaders\glsl\main_colormap.vp">
      <Filter>GL Renderer\Shaders\Shader Sources</Filter>
    </None>
  </ItemGroup>
  <ItemGroup>
    <Image Include="src\win32\boing1.ico">
      <Filter>Win32 Files</Filter>
    </Image>
    <Image Include="src\win32\boing2.ico">
      <Filter>Win32 Files</Filter>
    </Image>
    <Image Include="src\win32\boing3.ico">
      <Filter>Win32 Files</Filter>
    </Image>
    <Image Include="src\win32\boing4.ico">
      <Filter>Win32 Files</Filter>
    </Image>
    <Image Include="src\win32\boing5.ico">
      <Filter>Win32 Files</Filter>
    </Image>
    <Image Include="src\win32\boing6.ico">
      <Filter>Win32 Files</Filter>
    </Image>
    <Image Include="src\win32\boing7.ico">
      <Filter>Win32 Files</Filter>
    </Image>
    <Image Include="src\win32\boing8.ico">
      <Filter>Win32 Files</Filter>
    </Image>
    <Image Include="src\win32\deadguy.bmp">
      <Filter>Win32 Files</Filter>
    </Image>
    <Image Include="src\win32\icon1.ico">
      <Filter>Win32 Files</Filter>
    </Image>
    <Image Include="src\win32\icon2.ico">
      <Filter>Win32 Files</Filter>
    </Image>
  </ItemGroup>
  <ItemGroup>
    <Text Include="docs\classes.txt">
      <Filter>Text Files</Filter>
    </Text>
    <Text Include="src\CMakeLists.txt">
      <Filter>Text Files</Filter>
    </Text>
    <Text Include="docs\colors.txt">
      <Filter>Text Files</Filter>
    </Text>
    <Text Include="docs\commands.txt">
      <Filter>Text Files</Filter>
    </Text>
    <Text Include="docs\history.txt">
      <Filter>Text Files</Filter>
    </Text>
    <Text Include="docs\notes.txt">
      <Filter>Text Files</Filter>
    </Text>
    <Text Include="docs\rh-log.txt">
      <Filter>Text Files</Filter>
    </Text>
    <Text Include="docs\zdoom.txt">
      <Filter>Text Files</Filter>
    </Text>
    <Text Include="docs\BUILDLIC.TXT">
      <Filter>Text Files\Licenses</Filter>
    </Text>
    <Text Include="docs\doomlic.txt">
      <Filter>Text Files\Licenses</Filter>
    </Text>
  </ItemGroup>
  <ItemGroup>
    <ResourceCompile Include="src\win32\zdoom.rc">
      <Filter>Versioning</Filter>
    </ResourceCompile>
  </ItemGroup>
  <ItemGroup>
    <CustomBuild Include="src\sc_man_scanner.re">
      <Filter>!Source Files</Filter>
    </CustomBuild>
    <CustomBuild Include="src\asm_ia32\a.asm">
      <Filter>Assembly Files\ia32</Filter>
    </CustomBuild>
    <CustomBuild Include="src\asm_ia32\misc.asm">
      <Filter>Assembly Files\ia32</Filter>
    </CustomBuild>
    <CustomBuild Include="src\asm_ia32\tmap.asm">
      <Filter>Assembly Files\ia32</Filter>
    </CustomBuild>
    <CustomBuild Include="src\asm_ia32\tmap2.asm">
      <Filter>Assembly Files\ia32</Filter>
    </CustomBuild>
    <CustomBuild Include="src\asm_ia32\tmap3.asm">
      <Filter>Assembly Files\ia32</Filter>
    </CustomBuild>
    <CustomBuild Include="src\asm_x86_64\tmap3.asm">
      <Filter>Assembly Files\x86_64</Filter>
    </CustomBuild>
    <CustomBuild Include="src\sdl\dikeys.h">
      <Filter>SDL Files</Filter>
    </CustomBuild>
    <CustomBuild Include="src\sdl\hardware.h">
      <Filter>SDL Files</Filter>
    </CustomBuild>
    <CustomBuild Include="src\sdl\i_input.h">
      <Filter>SDL Files</Filter>
    </CustomBuild>
    <CustomBuild Include="src\sdl\i_system.h">
      <Filter>SDL Files</Filter>
    </CustomBuild>
    <CustomBuild Include="src\sdl\i_video.h">
      <Filter>SDL Files</Filter>
    </CustomBuild>
    <CustomBuild Include="src\sdl\sdlglvideo.h">
      <Filter>SDL Files</Filter>
    </CustomBuild>
    <CustomBuild Include="src\sdl\sdlvideo.h">
      <Filter>SDL Files</Filter>
    </CustomBuild>
    <CustomBuild Include="src\xlat\xlat_parser.y">
      <Filter>Xlat</Filter>
    </CustomBuild>
  </ItemGroup>
</Project>