Microsoft Visual Studio Solution File, Format Version 9.00
# Visual Studio 2005
Project("{8BC9CEB8-8B4A-11D0-8D11-00A0C91BC942}") = "zdoom", "zdoom.vcproj", "{8049475B-5C87-46F9-9358-635218A4EF18}"
	ProjectSection(ProjectDependencies) = postProject
		{9B465A9E-E5C7-4577-B559-3CA2F7AE7D96} = {9B465A9E-E5C7-4577-B559-3CA2F7AE7D96}
		{F9D9E7D4-E1A2-4866-9E85-B1B14137EE63} = {F9D9E7D4-E1A2-4866-9E85-B1B14137EE63}
		{6077B7D6-349F-4077-B552-3BC302EF5859} = {6077B7D6-349F-4077-B552-3BC302EF5859}
		{667D2EE7-C357-49E2-9BAB-0A4A45F0F76E} = {667D2EE7-C357-49E2-9BAB-0A4A45F0F76E}
		{0F80ACBF-460E-44F0-B28E-B3272D1774A7} = {0F80ACBF-460E-44F0-B28E-B3272D1774A7}
		{DA47396F-60C1-4BDE-A977-7F7DE461CF77} = {DA47396F-60C1-4BDE-A977-7F7DE461CF77}
		{1D179D4B-F008-431B-8C72-111F8372584F} = {1D179D4B-F008-431B-8C72-111F8372584F}
		{B68E0ABF-B627-48A3-A92F-D8F827A75054} = {B68E0ABF-B627-48A3-A92F-D8F827A75054}
		{8997289F-10BF-4678-8BAA-3BB509C84953} = {8997289F-10BF-4678-8BAA-3BB509C84953}
		{AC3F5340-40CB-4C3A-8AA7-CB7158DB4466} = {AC3F5340-40CB-4C3A-8AA7-CB7158DB4466}
		{A7DE5C73-D623-4118-A48A-BDFD1FAE97D4} = {A7DE5C73-D623-4118-A48A-BDFD1FAE97D4}
		{6EB27E78-7C7A-4F08-8E19-957E8EB3A20F} = {6EB27E78-7C7A-4F08-8E19-957E8EB3A20F}
	EndProjectSection
EndProject
Project("{8BC9CEB8-8B4A-11D0-8D11-00A0C91BC942}") = "zlib", "zlib\zlib.vcproj", "{F9D9E7D4-E1A2-4866-9E85-B1B14137EE63}"
EndProject
Project("{8BC9CEB8-8B4A-11D0-8D11-00A0C91BC942}") = "lemon", "tools\lemon\lemon.vcproj", "{0F80ACBF-460E-44F0-B28E-B3272D1774A7}"
EndProject
Project("{8BC9CEB8-8B4A-11D0-8D11-00A0C91BC942}") = "re2c", "tools\re2c\re2c.vcproj", "{667D2EE7-C357-49E2-9BAB-0A4A45F0F76E}"
EndProject
Project("{8BC9CEB8-8B4A-11D0-8D11-00A0C91BC942}") = "wadsrc", "wadsrc\wadsrc.vcproj", "{1D179D4B-F008-431B-8C72-111F8372584F}"
	ProjectSection(ProjectDependencies) = postProject
		{24A19C02-F041-4AB0-A1A1-02E1E88EDBD3} = {24A19C02-F041-4AB0-A1A1-02E1E88EDBD3}
	EndProjectSection
EndProject
Project("{8BC9CEB8-8B4A-11D0-8D11-00A0C91BC942}") = "updaterevision", "tools\updaterevision\updaterevision.vcproj", "{6077B7D6-349F-4077-B552-3BC302EF5859}"
EndProject
Project("{8BC9CEB8-8B4A-11D0-8D11-00A0C91BC942}") = "jpeg-6b", "jpeg-6b\jpeg-6b.vcproj", "{AC3F5340-40CB-4C3A-8AA7-CB7158DB4466}"
EndProject
Project("{8BC9CEB8-8B4A-11D0-8D11-00A0C91BC942}") = "fixrtext", "tools\fixrtext\fixrtext.vcproj", "{DA47396F-60C1-4BDE-A977-7F7DE461CF77}"
EndProject
Project("{8BC9CEB8-8B4A-11D0-8D11-00A0C91BC942}") = "dumb_static", "dumb\vc6\dumb_static\dumb_static.vcproj", "{8997289F-10BF-4678-8BAA-3BB509C84953}"
EndProject
Project("{8BC9CEB8-8B4A-11D0-8D11-00A0C91BC942}") = "gdtoa", "gdtoa\gdtoa.vcproj", "{B68E0ABF-B627-48A3-A92F-D8F827A75054}"
EndProject
Project("{8BC9CEB8-8B4A-11D0-8D11-00A0C91BC942}") = "zipdir", "tools\zipdir\zipdir.vcproj", "{24A19C02-F041-4AB0-A1A1-02E1E88EDBD3}"
	ProjectSection(ProjectDependencies) = postProject
		{A7DE5C73-D623-4118-A48A-BDFD1FAE97D4} = {A7DE5C73-D623-4118-A48A-BDFD1FAE97D4}
		{F9D9E7D4-E1A2-4866-9E85-B1B14137EE63} = {F9D9E7D4-E1A2-4866-9E85-B1B14137EE63}
		{6EB27E78-7C7A-4F08-8E19-957E8EB3A20F} = {6EB27E78-7C7A-4F08-8E19-957E8EB3A20F}
	EndProjectSection
EndProject
Project("{8BC9CEB8-8B4A-11D0-8D11-00A0C91BC942}") = "lzmalib", "lzma\lzmalib.vcproj", "{6EB27E78-7C7A-4F08-8E19-957E8EB3A20F}"
EndProject
Project("{8BC9CEB8-8B4A-11D0-8D11-00A0C91BC942}") = "bzip2", "bzip2\bzip2.vcproj", "{A7DE5C73-D623-4118-A48A-BDFD1FAE97D4}"
EndProject
Project("{8BC9CEB8-8B4A-11D0-8D11-00A0C91BC942}") = "game-music-emu", "game-music-emu\game-music-emu.vcproj", "{9B465A9E-E5C7-4577-B559-3CA2F7AE7D96}"
EndProject
Global
	GlobalSection(SolutionConfigurationPlatforms) = preSolution
		Debug|Win32 = Debug|Win32
		Debug|x64 = Debug|x64
		Release|Win32 = Release|Win32
		Release|x64 = Release|x64
	EndGlobalSection
	GlobalSection(ProjectConfigurationPlatforms) = postSolution
		{8049475B-5C87-46F9-9358-635218A4EF18}.Debug|Win32.ActiveCfg = Debug|Win32
		{8049475B-5C87-46F9-9358-635218A4EF18}.Debug|Win32.Build.0 = Debug|Win32
		{8049475B-5C87-46F9-9358-635218A4EF18}.Debug|x64.ActiveCfg = Debug|x64
		{8049475B-5C87-46F9-9358-635218A4EF18}.Debug|x64.Build.0 = Debug|x64
		{8049475B-5C87-46F9-9358-635218A4EF18}.Release|Win32.ActiveCfg = Release|Win32
		{8049475B-5C87-46F9-9358-635218A4EF18}.Release|Win32.Build.0 = Release|Win32
		{8049475B-5C87-46F9-9358-635218A4EF18}.Release|x64.ActiveCfg = Release|x64
		{8049475B-5C87-46F9-9358-635218A4EF18}.Release|x64.Build.0 = Release|x64
		{F9D9E7D4-E1A2-4866-9E85-B1B14137EE63}.Debug|Win32.ActiveCfg = Debug|Win32
		{F9D9E7D4-E1A2-4866-9E85-B1B14137EE63}.Debug|Win32.Build.0 = Debug|Win32
		{F9D9E7D4-E1A2-4866-9E85-B1B14137EE63}.Debug|x64.ActiveCfg = Debug|x64
		{F9D9E7D4-E1A2-4866-9E85-B1B14137EE63}.Debug|x64.Build.0 = Debug|x64
		{F9D9E7D4-E1A2-4866-9E85-B1B14137EE63}.Release|Win32.ActiveCfg = Release|Win32
		{F9D9E7D4-E1A2-4866-9E85-B1B14137EE63}.Release|Win32.Build.0 = Release|Win32
		{F9D9E7D4-E1A2-4866-9E85-B1B14137EE63}.Release|x64.ActiveCfg = Release|x64
		{F9D9E7D4-E1A2-4866-9E85-B1B14137EE63}.Release|x64.Build.0 = Release|x64
		{0F80ACBF-460E-44F0-B28E-B3272D1774A7}.Debug|Win32.ActiveCfg = Debug|Win32
		{0F80ACBF-460E-44F0-B28E-B3272D1774A7}.Debug|Win32.Build.0 = Debug|Win32
		{0F80ACBF-460E-44F0-B28E-B3272D1774A7}.Debug|x64.ActiveCfg = Release|Win32
		{0F80ACBF-460E-44F0-B28E-B3272D1774A7}.Debug|x64.Build.0 = Release|Win32
		{0F80ACBF-460E-44F0-B28E-B3272D1774A7}.Release|Win32.ActiveCfg = Release|Win32
		{0F80ACBF-460E-44F0-B28E-B3272D1774A7}.Release|Win32.Build.0 = Release|Win32
		{0F80ACBF-460E-44F0-B28E-B3272D1774A7}.Release|x64.ActiveCfg = Release|Win32
		{0F80ACBF-460E-44F0-B28E-B3272D1774A7}.Release|x64.Build.0 = Release|Win32
		{667D2EE7-C357-49E2-9BAB-0A4A45F0F76E}.Debug|Win32.ActiveCfg = Debug|Win32
		{667D2EE7-C357-49E2-9BAB-0A4A45F0F76E}.Debug|Win32.Build.0 = Debug|Win32
		{667D2EE7-C357-49E2-9BAB-0A4A45F0F76E}.Debug|x64.ActiveCfg = Release|Win32
		{667D2EE7-C357-49E2-9BAB-0A4A45F0F76E}.Debug|x64.Build.0 = Release|Win32
		{667D2EE7-C357-49E2-9BAB-0A4A45F0F76E}.Release|Win32.ActiveCfg = Release|Win32
		{667D2EE7-C357-49E2-9BAB-0A4A45F0F76E}.Release|Win32.Build.0 = Release|Win32
		{667D2EE7-C357-49E2-9BAB-0A4A45F0F76E}.Release|x64.ActiveCfg = Release|Win32
		{667D2EE7-C357-49E2-9BAB-0A4A45F0F76E}.Release|x64.Build.0 = Release|Win32
		{1D179D4B-F008-431B-8C72-111F8372584F}.Debug|Win32.ActiveCfg = Debug|Win32
		{1D179D4B-F008-431B-8C72-111F8372584F}.Debug|Win32.Build.0 = Debug|Win32
		{1D179D4B-F008-431B-8C72-111F8372584F}.Debug|x64.ActiveCfg = Release|Win32
		{1D179D4B-F008-431B-8C72-111F8372584F}.Debug|x64.Build.0 = Release|Win32
		{1D179D4B-F008-431B-8C72-111F8372584F}.Release|Win32.ActiveCfg = Release|Win32
		{1D179D4B-F008-431B-8C72-111F8372584F}.Release|Win32.Build.0 = Release|Win32
		{1D179D4B-F008-431B-8C72-111F8372584F}.Release|x64.ActiveCfg = Release|Win32
		{1D179D4B-F008-431B-8C72-111F8372584F}.Release|x64.Build.0 = Release|Win32
		{6077B7D6-349F-4077-B552-3BC302EF5859}.Debug|Win32.ActiveCfg = Debug|Win32
		{6077B7D6-349F-4077-B552-3BC302EF5859}.Debug|Win32.Build.0 = Debug|Win32
		{6077B7D6-349F-4077-B552-3BC302EF5859}.Debug|x64.ActiveCfg = Debug|x64
		{6077B7D6-349F-4077-B552-3BC302EF5859}.Debug|x64.Build.0 = Debug|x64
		{6077B7D6-349F-4077-B552-3BC302EF5859}.Release|Win32.ActiveCfg = Release|Win32
		{6077B7D6-349F-4077-B552-3BC302EF5859}.Release|Win32.Build.0 = Release|Win32
		{6077B7D6-349F-4077-B552-3BC302EF5859}.Release|x64.ActiveCfg = Release|x64
		{6077B7D6-349F-4077-B552-3BC302EF5859}.Release|x64.Build.0 = Release|x64
		{AC3F5340-40CB-4C3A-8AA7-CB7158DB4466}.Debug|Win32.ActiveCfg = Debug|Win32
		{AC3F5340-40CB-4C3A-8AA7-CB7158DB4466}.Debug|Win32.Build.0 = Debug|Win32
		{AC3F5340-40CB-4C3A-8AA7-CB7158DB4466}.Debug|x64.ActiveCfg = Debug|x64
		{AC3F5340-40CB-4C3A-8AA7-CB7158DB4466}.Debug|x64.Build.0 = Debug|x64
		{AC3F5340-40CB-4C3A-8AA7-CB7158DB4466}.Release|Win32.ActiveCfg = Release|Win32
		{AC3F5340-40CB-4C3A-8AA7-CB7158DB4466}.Release|Win32.Build.0 = Release|Win32
		{AC3F5340-40CB-4C3A-8AA7-CB7158DB4466}.Release|x64.ActiveCfg = Release|x64
		{AC3F5340-40CB-4C3A-8AA7-CB7158DB4466}.Release|x64.Build.0 = Release|x64
		{DA47396F-60C1-4BDE-A977-7F7DE461CF77}.Debug|Win32.ActiveCfg = Debug|Win32
		{DA47396F-60C1-4BDE-A977-7F7DE461CF77}.Debug|Win32.Build.0 = Debug|Win32
		{DA47396F-60C1-4BDE-A977-7F7DE461CF77}.Debug|x64.ActiveCfg = Debug|Win32
		{DA47396F-60C1-4BDE-A977-7F7DE461CF77}.Debug|x64.Build.0 = Debug|Win32
		{DA47396F-60C1-4BDE-A977-7F7DE461CF77}.Release|Win32.ActiveCfg = Release|Win32
		{DA47396F-60C1-4BDE-A977-7F7DE461CF77}.Release|Win32.Build.0 = Release|Win32
		{DA47396F-60C1-4BDE-A977-7F7DE461CF77}.Release|x64.ActiveCfg = Release|Win32
		{DA47396F-60C1-4BDE-A977-7F7DE461CF77}.Release|x64.Build.0 = Release|Win32
		{8997289F-10BF-4678-8BAA-3BB509C84953}.Debug|Win32.ActiveCfg = Debug|Win32
		{8997289F-10BF-4678-8BAA-3BB509C84953}.Debug|Win32.Build.0 = Debug|Win32
		{8997289F-10BF-4678-8BAA-3BB509C84953}.Debug|x64.ActiveCfg = Debug|x64
		{8997289F-10BF-4678-8BAA-3BB509C84953}.Debug|x64.Build.0 = Debug|x64
		{8997289F-10BF-4678-8BAA-3BB509C84953}.Release|Win32.ActiveCfg = Release|Win32
		{8997289F-10BF-4678-8BAA-3BB509C84953}.Release|Win32.Build.0 = Release|Win32
		{8997289F-10BF-4678-8BAA-3BB509C84953}.Release|x64.ActiveCfg = Release|x64
		{8997289F-10BF-4678-8BAA-3BB509C84953}.Release|x64.Build.0 = Release|x64
		{B68E0ABF-B627-48A3-A92F-D8F827A75054}.Debug|Win32.ActiveCfg = Debug|Win32
		{B68E0ABF-B627-48A3-A92F-D8F827A75054}.Debug|Win32.Build.0 = Debug|Win32
		{B68E0ABF-B627-48A3-A92F-D8F827A75054}.Debug|x64.ActiveCfg = Debug|x64
		{B68E0ABF-B627-48A3-A92F-D8F827A75054}.Debug|x64.Build.0 = Debug|x64
		{B68E0ABF-B627-48A3-A92F-D8F827A75054}.Release|Win32.ActiveCfg = Release|Win32
		{B68E0ABF-B627-48A3-A92F-D8F827A75054}.Release|Win32.Build.0 = Release|Win32
		{B68E0ABF-B627-48A3-A92F-D8F827A75054}.Release|x64.ActiveCfg = Release|x64
		{B68E0ABF-B627-48A3-A92F-D8F827A75054}.Release|x64.Build.0 = Release|x64
		{24A19C02-F041-4AB0-A1A1-02E1E88EDBD3}.Debug|Win32.ActiveCfg = Debug|Win32
		{24A19C02-F041-4AB0-A1A1-02E1E88EDBD3}.Debug|Win32.Build.0 = Debug|Win32
		{24A19C02-F041-4AB0-A1A1-02E1E88EDBD3}.Debug|x64.ActiveCfg = Debug|x64
		{24A19C02-F041-4AB0-A1A1-02E1E88EDBD3}.Debug|x64.Build.0 = Debug|x64
		{24A19C02-F041-4AB0-A1A1-02E1E88EDBD3}.Release|Win32.ActiveCfg = Release|Win32
		{24A19C02-F041-4AB0-A1A1-02E1E88EDBD3}.Release|Win32.Build.0 = Release|Win32
		{24A19C02-F041-4AB0-A1A1-02E1E88EDBD3}.Release|x64.ActiveCfg = Release|x64
		{24A19C02-F041-4AB0-A1A1-02E1E88EDBD3}.Release|x64.Build.0 = Release|x64
		{6EB27E78-7C7A-4F08-8E19-957E8EB3A20F}.Debug|Win32.ActiveCfg = Debug|Win32
		{6EB27E78-7C7A-4F08-8E19-957E8EB3A20F}.Debug|Win32.Build.0 = Debug|Win32
		{6EB27E78-7C7A-4F08-8E19-957E8EB3A20F}.Debug|x64.ActiveCfg = Debug|x64
		{6EB27E78-7C7A-4F08-8E19-957E8EB3A20F}.Debug|x64.Build.0 = Debug|x64
		{6EB27E78-7C7A-4F08-8E19-957E8EB3A20F}.Release|Win32.ActiveCfg = Release|Win32
		{6EB27E78-7C7A-4F08-8E19-957E8EB3A20F}.Release|Win32.Build.0 = Release|Win32
		{6EB27E78-7C7A-4F08-8E19-957E8EB3A20F}.Release|x64.ActiveCfg = Release|x64
		{6EB27E78-7C7A-4F08-8E19-957E8EB3A20F}.Release|x64.Build.0 = Release|x64
		{A7DE5C73-D623-4118-A48A-BDFD1FAE97D4}.Debug|Win32.ActiveCfg = Debug|Win32
		{A7DE5C73-D623-4118-A48A-BDFD1FAE97D4}.Debug|Win32.Build.0 = Debug|Win32
		{A7DE5C73-D623-4118-A48A-BDFD1FAE97D4}.Debug|x64.ActiveCfg = Debug|x64
		{A7DE5C73-D623-4118-A48A-BDFD1FAE97D4}.Debug|x64.Build.0 = Debug|x64
		{A7DE5C73-D623-4118-A48A-BDFD1FAE97D4}.Release|Win32.ActiveCfg = Release|Win32
		{A7DE5C73-D623-4118-A48A-BDFD1FAE97D4}.Release|Win32.Build.0 = Release|Win32
		{A7DE5C73-D623-4118-A48A-BDFD1FAE97D4}.Release|x64.ActiveCfg = Release|x64
		{A7DE5C73-D623-4118-A48A-BDFD1FAE97D4}.Release|x64.Build.0 = Release|x64
		{9B465A9E-E5C7-4577-B559-3CA2F7AE7D96}.Debug|Win32.ActiveCfg = Debug|Win32
		{9B465A9E-E5C7-4577-B559-3CA2F7AE7D96}.Debug|Win32.Build.0 = Debug|Win32
		{9B465A9E-E5C7-4577-B559-3CA2F7AE7D96}.Debug|x64.ActiveCfg = Release|x64
		{9B465A9E-E5C7-4577-B559-3CA2F7AE7D96}.Debug|x64.Build.0 = Release|x64
		{9B465A9E-E5C7-4577-B559-3CA2F7AE7D96}.Release|Win32.ActiveCfg = Release|Win32
		{9B465A9E-E5C7-4577-B559-3CA2F7AE7D96}.Release|Win32.Build.0 = Release|Win32
		{9B465A9E-E5C7-4577-B559-3CA2F7AE7D96}.Release|x64.ActiveCfg = Release|x64
		{9B465A9E-E5C7-4577-B559-3CA2F7AE7D96}.Release|x64.Build.0 = Release|x64
	EndGlobalSection
	GlobalSection(SolutionProperties) = preSolution
		HideSolutionNode = FALSE
	EndGlobalSection
EndGlobal
