<?xml version="1.0" encoding="utf-8"?>
<Project ToolsVersion="4.0" xmlns="http://schemas.microsoft.com/developer/msbuild/2003">
  <ItemGroup>
    <Filter Include="Source Files">
      <UniqueIdentifier>{4FC737F1-C7A5-4376-A066-2A32D752A2FF}</UniqueIdentifier>
      <Extensions>cpp;c;cc;cxx;def;odl;idl;hpj;bat;asm;asmx</Extensions>
    </Filter>
    <Filter Include="Header Files">
      <UniqueIdentifier>{93995380-89BD-4b04-88EB-625FBE52EBFB}</UniqueIdentifier>
      <Extensions>h;hpp;hxx;hm;inl;inc;xsd</Extensions>
    </Filter>
    <Filter Include="Documents">
      <UniqueIdentifier>{c116427b-ad27-48cd-bb35-b163dba7ccf4}</UniqueIdentifier>
    </Filter>
  </ItemGroup>
  <ItemGroup>
    <ClCompile Include="gme\Ay_Apu.cpp">
      <Filter>Source Files</Filter>
    </ClCompile>
    <ClCompile Include="gme\Ay_Cpu.cpp">
      <Filter>Source Files</Filter>
    </ClCompile>
    <ClCompile Include="gme\Ay_Emu.cpp">
      <Filter>Source Files</Filter>
    </ClCompile>
    <ClCompile Include="gme\Blip_Buffer.cpp">
      <Filter>Source Files</Filter>
    </ClCompile>
    <ClCompile Include="gme\Classic_Emu.cpp">
      <Filter>Source Files</Filter>
    </ClCompile>
    <ClCompile Include="gme\Data_Reader.cpp">
      <Filter>Source Files</Filter>
    </ClCompile>
    <ClCompile Include="gme\Dual_Resampler.cpp">
      <Filter>Source Files</Filter>
    </ClCompile>
    <ClCompile Include="gme\Effects_Buffer.cpp">
      <Filter>Source Files</Filter>
    </ClCompile>
    <ClCompile Include="gme\Fir_Resampler.cpp">
      <Filter>Source Files</Filter>
    </ClCompile>
    <ClCompile Include="gme\Gb_Apu.cpp">
      <Filter>Source Files</Filter>
    </ClCompile>
    <ClCompile Include="gme\Gb_Cpu.cpp">
      <Filter>Source Files</Filter>
    </ClCompile>
    <ClCompile Include="gme\Gb_Oscs.cpp">
      <Filter>Source Files</Filter>
    </ClCompile>
    <ClCompile Include="gme\Gbs_Emu.cpp">
      <Filter>Source Files</Filter>
    </ClCompile>
    <ClCompile Include="gme\gme.cpp">
      <Filter>Source Files</Filter>
    </ClCompile>
    <ClCompile Include="gme\Gme_File.cpp">
      <Filter>Source Files</Filter>
    </ClCompile>
    <ClCompile Include="gme\Gym_Emu.cpp">
      <Filter>Source Files</Filter>
    </ClCompile>
    <ClCompile Include="gme\Hes_Apu.cpp">
      <Filter>Source Files</Filter>
    </ClCompile>
    <ClCompile Include="gme\Hes_Cpu.cpp">
      <Filter>Source Files</Filter>
    </ClCompile>
    <ClCompile Include="gme\Hes_Emu.cpp">
      <Filter>Source Files</Filter>
    </ClCompile>
    <ClCompile Include="gme\Kss_Cpu.cpp">
      <Filter>Source Files</Filter>
    </ClCompile>
    <ClCompile Include="gme\Kss_Emu.cpp">
      <Filter>Source Files</Filter>
    </ClCompile>
    <ClCompile Include="gme\Kss_Scc_Apu.cpp">
      <Filter>Source Files</Filter>
    </ClCompile>
    <ClCompile Include="gme\M3u_Playlist.cpp">
      <Filter>Source Files</Filter>
    </ClCompile>
    <ClCompile Include="gme\Multi_Buffer.cpp">
      <Filter>Source Files</Filter>
    </ClCompile>
    <ClCompile Include="gme\Music_Emu.cpp">
      <Filter>Source Files</Filter>
    </ClCompile>
    <ClCompile Include="gme\Nes_Apu.cpp">
      <Filter>Source Files</Filter>
    </ClCompile>
    <ClCompile Include="gme\Nes_Cpu.cpp">
      <Filter>Source Files</Filter>
    </ClCompile>
    <ClCompile Include="gme\Nes_Fme7_Apu.cpp">
      <Filter>Source Files</Filter>
    </ClCompile>
    <ClCompile Include="gme\Nes_Namco_Apu.cpp">
      <Filter>Source Files</Filter>
    </ClCompile>
    <ClCompile Include="gme\Nes_Oscs.cpp">
      <Filter>Source Files</Filter>
    </ClCompile>
    <ClCompile Include="gme\Nes_Vrc6_Apu.cpp">
      <Filter>Source Files</Filter>
    </ClCompile>
    <ClCompile Include="gme\Nsf_Emu.cpp">
      <Filter>Source Files</Filter>
    </ClCompile>
    <ClCompile Include="gme\Nsfe_Emu.cpp">
      <Filter>Source Files</Filter>
    </ClCompile>
    <ClCompile Include="gme\Sap_Apu.cpp">
      <Filter>Source Files</Filter>
    </ClCompile>
    <ClCompile Include="gme\Sap_Cpu.cpp">
      <Filter>Source Files</Filter>
    </ClCompile>
    <ClCompile Include="gme\Sap_Emu.cpp">
      <Filter>Source Files</Filter>
    </ClCompile>
    <ClCompile Include="gme\Sms_Apu.cpp">
      <Filter>Source Files</Filter>
    </ClCompile>
    <ClCompile Include="gme\Snes_Spc.cpp">
      <Filter>Source Files</Filter>
    </ClCompile>
    <ClCompile Include="gme\Spc_Cpu.cpp">
      <Filter>Source Files</Filter>
    </ClCompile>
    <ClCompile Include="gme\Spc_Dsp.cpp">
      <Filter>Source Files</Filter>
    </ClCompile>
    <ClCompile Include="gme\Spc_Emu.cpp">
      <Filter>Source Files</Filter>
    </ClCompile>
    <ClCompile Include="gme\Vgm_Emu.cpp">
      <Filter>Source Files</Filter>
    </ClCompile>
    <ClCompile Include="gme\Vgm_Emu_Impl.cpp">
      <Filter>Source Files</Filter>
    </ClCompile>
    <ClCompile Include="gme\Ym2413_Emu.cpp">
      <Filter>Source Files</Filter>
    </ClCompile>
    <ClCompile Include="gme\Ym2612_Emu.cpp">
      <Filter>Source Files</Filter>
    </ClCompile>
  </ItemGroup>
  <ItemGroup>
    <ClInclude Include="gme\Ay_Apu.h">
      <Filter>Header Files</Filter>
    </ClInclude>
    <ClInclude Include="gme\Ay_Cpu.h">
      <Filter>Header Files</Filter>
    </ClInclude>
    <ClInclude Include="gme\Ay_Emu.h">
      <Filter>Header Files</Filter>
    </ClInclude>
    <ClInclude Include="gme\blargg_common.h">
      <Filter>Header Files</Filter>
    </ClInclude>
    <ClInclude Include="gme\blargg_config.h">
      <Filter>Header Files</Filter>
    </ClInclude>
    <ClInclude Include="gme\blargg_endian.h">
      <Filter>Header Files</Filter>
    </ClInclude>
    <ClInclude Include="gme\blargg_source.h">
      <Filter>Header Files</Filter>
    </ClInclude>
    <ClInclude Include="gme\Blip_Buffer.h">
      <Filter>Header Files</Filter>
    </ClInclude>
    <ClInclude Include="gme\Classic_Emu.h">
      <Filter>Header Files</Filter>
    </ClInclude>
    <ClInclude Include="gme\Data_Reader.h">
      <Filter>Header Files</Filter>
    </ClInclude>
    <ClInclude Include="gme\Dual_Resampler.h">
      <Filter>Header Files</Filter>
    </ClInclude>
    <ClInclude Include="gme\Effects_Buffer.h">
      <Filter>Header Files</Filter>
    </ClInclude>
    <ClInclude Include="gme\Fir_Resampler.h">
      <Filter>Header Files</Filter>
    </ClInclude>
    <ClInclude Include="gme\Gb_Apu.h">
      <Filter>Header Files</Filter>
    </ClInclude>
    <ClInclude Include="gme\Gb_Cpu.h">
      <Filter>Header Files</Filter>
    </ClInclude>
    <ClInclude Include="gme\gb_cpu_io.h">
      <Filter>Header Files</Filter>
    </ClInclude>
    <ClInclude Include="gme\Gb_Oscs.h">
      <Filter>Header Files</Filter>
    </ClInclude>
    <ClInclude Include="gme\Gbs_Emu.h">
      <Filter>Header Files</Filter>
    </ClInclude>
    <ClInclude Include="gme\gme.h">
      <Filter>Header Files</Filter>
    </ClInclude>
    <ClInclude Include="gme\Gme_File.h">
      <Filter>Header Files</Filter>
    </ClInclude>
    <ClInclude Include="gme\Gym_Emu.h">
      <Filter>Header Files</Filter>
    </ClInclude>
    <ClInclude Include="gme\Hes_Apu.h">
      <Filter>Header Files</Filter>
    </ClInclude>
    <ClInclude Include="gme\Hes_Cpu.h">
      <Filter>Header Files</Filter>
    </ClInclude>
    <ClInclude Include="gme\hes_cpu_io.h">
      <Filter>Header Files</Filter>
    </ClInclude>
    <ClInclude Include="gme\Hes_Emu.h">
      <Filter>Header Files</Filter>
    </ClInclude>
    <ClInclude Include="gme\Kss_Cpu.h">
      <Filter>Header Files</Filter>
    </ClInclude>
    <ClInclude Include="gme\Kss_Emu.h">
      <Filter>Header Files</Filter>
    </ClInclude>
    <ClInclude Include="gme\Kss_Scc_Apu.h">
      <Filter>Header Files</Filter>
    </ClInclude>
    <ClInclude Include="gme\M3u_Playlist.h">
      <Filter>Header Files</Filter>
    </ClInclude>
    <ClInclude Include="gme\Multi_Buffer.h">
      <Filter>Header Files</Filter>
    </ClInclude>
    <ClInclude Include="gme\Music_Emu.h">
      <Filter>Header Files</Filter>
    </ClInclude>
    <ClInclude Include="gme\Nes_Apu.h">
      <Filter>Header Files</Filter>
    </ClInclude>
    <ClInclude Include="gme\Nes_Cpu.h">
      <Filter>Header Files</Filter>
    </ClInclude>
    <ClInclude Include="gme\nes_cpu_io.h">
      <Filter>Header Files</Filter>
    </ClInclude>
    <ClInclude Include="gme\Nes_Fme7_Apu.h">
      <Filter>Header Files</Filter>
    </ClInclude>
    <ClInclude Include="gme\Nes_Namco_Apu.h">
      <Filter>Header Files</Filter>
    </ClInclude>
    <ClInclude Include="gme\Nes_Oscs.h">
      <Filter>Header Files</Filter>
    </ClInclude>
    <ClInclude Include="gme\Nes_Vrc6_Apu.h">
      <Filter>Header Files</Filter>
    </ClInclude>
    <ClInclude Include="gme\Nsf_Emu.h">
      <Filter>Header Files</Filter>
    </ClInclude>
    <ClInclude Include="gme\Nsfe_Emu.h">
      <Filter>Header Files</Filter>
    </ClInclude>
    <ClInclude Include="gme\Sap_Apu.h">
      <Filter>Header Files</Filter>
    </ClInclude>
    <ClInclude Include="gme\Sap_Cpu.h">
      <Filter>Header Files</Filter>
    </ClInclude>
    <ClInclude Include="gme\sap_cpu_io.h">
      <Filter>Header Files</Filter>
    </ClInclude>
    <ClInclude Include="gme\Sap_Emu.h">
      <Filter>Header Files</Filter>
    </ClInclude>
    <ClInclude Include="gme\Sms_Apu.h">
      <Filter>Header Files</Filter>
    </ClInclude>
    <ClInclude Include="gme\Sms_Oscs.h">
      <Filter>Header Files</Filter>
    </ClInclude>
    <ClInclude Include="gme\Snes_Spc.h">
      <Filter>Header Files</Filter>
    </ClInclude>
    <ClInclude Include="gme\Spc_Cpu.h">
      <Filter>Header Files</Filter>
    </ClInclude>
    <ClInclude Include="gme\Spc_Dsp.h">
      <Filter>Header Files</Filter>
    </ClInclude>
    <ClInclude Include="gme\Spc_Emu.h">
      <Filter>Header Files</Filter>
    </ClInclude>
    <ClInclude Include="gme\Vgm_Emu.h">
      <Filter>Header Files</Filter>
    </ClInclude>
    <ClInclude Include="gme\Vgm_Emu_Impl.h">
      <Filter>Header Files</Filter>
    </ClInclude>
    <ClInclude Include="gme\Ym2413_Emu.h">
      <Filter>Header Files</Filter>
    </ClInclude>
    <ClInclude Include="gme\Ym2612_Emu.h">
      <Filter>Header Files</Filter>
    </ClInclude>
  </ItemGroup>
  <ItemGroup>
    <Text Include="changes.txt">
      <Filter>Documents</Filter>
    </Text>
    <Text Include="design.txt">
      <Filter>Documents</Filter>
    </Text>
    <Text Include="gme.txt">
      <Filter>Documents</Filter>
    </Text>
    <Text Include="license.txt">
      <Filter>Documents</Filter>
    </Text>
    <Text Include="readme.txt">
      <Filter>Documents</Filter>
    </Text>
    <Text Include="CMakeLists.txt" />
  </ItemGroup>
</Project>