<?xml version="1.0" encoding="utf-8"?>
<Project ToolsVersion="4.0" xmlns="http://schemas.microsoft.com/developer/msbuild/2003">
  <ItemGroup>
    <Filter Include="Source Files">
      <UniqueIdentifier>{4FC737F1-C7A5-4376-A066-2A32D752A2FF}</UniqueIdentifier>
      <Extensions>cpp;c;cc;cxx;def;odl;idl;hpj;bat;asm;asmx</Extensions>
    </Filter>
    <Filter Include="Header Files">
      <UniqueIdentifier>{93995380-89BD-4b04-88EB-625FBE52EBFB}</UniqueIdentifier>
      <Extensions>h;hpp;hxx;hm;inl;inc;xsd</Extensions>
    </Filter>
    <Filter Include="7z">
      <UniqueIdentifier>{ff4bd627-ed01-4613-b4f0-43a97bfe6c55}</UniqueIdentifier>
    </Filter>
  </ItemGroup>
  <ItemGroup>
    <ClCompile Include="C\7zBuf.c">
      <Filter>Source Files</Filter>
    </ClCompile>
    <ClCompile Include="C\7zCrc.c">
      <Filter>Source Files</Filter>
    </ClCompile>
    <ClCompile Include="C\7zStream.c">
      <Filter>Source Files</Filter>
    </ClCompile>
    <ClCompile Include="C\Alloc.c">
      <Filter>Source Files</Filter>
    </ClCompile>
    <ClCompile Include="C\Bcj2.c">
      <Filter>Source Files</Filter>
    </ClCompile>
    <ClCompile Include="C\Bra86.c">
      <Filter>Source Files</Filter>
    </ClCompile>
    <ClCompile Include="C\LzFind.c">
      <Filter>Source Files</Filter>
    </ClCompile>
    <ClCompile Include="C\LzFindMt.c">
      <Filter>Source Files</Filter>
    </ClCompile>
    <ClCompile Include="C\LzmaDec.c">
      <Filter>Source Files</Filter>
    </ClCompile>
    <ClCompile Include="C\LzmaEnc.c">
      <Filter>Source Files</Filter>
    </ClCompile>
    <ClCompile Include="C\LzmaLib.c">
      <Filter>Source Files</Filter>
    </ClCompile>
    <ClCompile Include="C\Threads.c">
      <Filter>Source Files</Filter>
    </ClCompile>
    <ClCompile Include="C\Archive\7z\7zDecode.c">
      <Filter>7z</Filter>
    </ClCompile>
    <ClCompile Include="C\Archive\7z\7zExtract.c">
      <Filter>7z</Filter>
    </ClCompile>
    <ClCompile Include="C\Archive\7z\7zHeader.c">
      <Filter>7z</Filter>
    </ClCompile>
    <ClCompile Include="C\Archive\7z\7zIn.c">
      <Filter>7z</Filter>
    </ClCompile>
    <ClCompile Include="C\Archive\7z\7zItem.c">
      <Filter>7z</Filter>
    </ClCompile>
  </ItemGroup>
  <ItemGroup>
    <ClInclude Include="C\7zBuf.h">
      <Filter>Header Files</Filter>
    </ClInclude>
    <ClInclude Include="C\7zCrc.h">
      <Filter>Header Files</Filter>
    </ClInclude>
    <ClInclude Include="C\7zVersion.h">
      <Filter>Header Files</Filter>
    </ClInclude>
    <ClInclude Include="C\Alloc.h">
      <Filter>Header Files</Filter>
    </ClInclude>
    <ClInclude Include="C\Bcj2.h">
      <Filter>Header Files</Filter>
    </ClInclude>
    <ClInclude Include="C\Bra.h">
      <Filter>Header Files</Filter>
    </ClInclude>
    <ClInclude Include="C\CpuArch.h">
      <Filter>Header Files</Filter>
    </ClInclude>
    <ClInclude Include="C\LzFind.h">
      <Filter>Header Files</Filter>
    </ClInclude>
    <ClInclude Include="C\LzFindMt.h">
      <Filter>Header Files</Filter>
    </ClInclude>
    <ClInclude Include="C\LzHash.h">
      <Filter>Header Files</Filter>
    </ClInclude>
    <ClInclude Include="C\LzmaDec.h">
      <Filter>Header Files</Filter>
    </ClInclude>
    <ClInclude Include="C\LzmaEnc.h">
      <Filter>Header Files</Filter>
    </ClInclude>
    <ClInclude Include="C\LzmaLib.h">
      <Filter>Header Files</Filter>
    </ClInclude>
    <ClInclude Include="C\Threads.h">
      <Filter>Header Files</Filter>
    </ClInclude>
    <ClInclude Include="C\Types.h">
      <Filter>Header Files</Filter>
    </ClInclude>
    <ClInclude Include="C\Archive\7z\7zDecode.h">
      <Filter>7z</Filter>
    </ClInclude>
    <ClInclude Include="C\Archive\7z\7zExtract.h">
      <Filter>7z</Filter>
    </ClInclude>
    <ClInclude Include="C\Archive\7z\7zHeader.h">
      <Filter>7z</Filter>
    </ClInclude>
    <ClInclude Include="C\Archive\7z\7zIn.h">
      <Filter>7z</Filter>
    </ClInclude>
    <ClInclude Include="C\Archive\7z\7zItem.h">
      <Filter>7z</Filter>
    </ClInclude>
  </ItemGroup>
  <ItemGroup>
    <Text Include="CMakeLists.txt" />
  </ItemGroup>
</Project>