<?xml version="1.0" encoding="utf-8"?>
<Project ToolsVersion="4.0" xmlns="http://schemas.microsoft.com/developer/msbuild/2003">
  <ItemGroup>
    <Filter Include="include">
      <UniqueIdentifier>{419c5e1f-2bf4-473a-b2e5-2e531285aa62}</UniqueIdentifier>
    </Filter>
    <Filter Include="include\internal">
      <UniqueIdentifier>{44b333b3-1607-4820-82bc-e4c21a40e31a}</UniqueIdentifier>
    </Filter>
    <Filter Include="src">
      <UniqueIdentifier>{0b122556-3781-4ef3-87fe-ffa5fb50b493}</UniqueIdentifier>
    </Filter>
    <Filter Include="src\core">
      <UniqueIdentifier>{e961cd19-26f6-4df0-b895-e099d3e81db9}</UniqueIdentifier>
    </Filter>
    <Filter Include="src\helpers">
      <UniqueIdentifier>{82e35139-08ff-4e99-a3ce-2254d7427ec4}</UniqueIdentifier>
    </Filter>
    <Filter Include="src\it">
      <UniqueIdentifier>{5f7fc0f6-4008-4166-83ad-e5d914718bd0}</UniqueIdentifier>
    </Filter>
    <Filter Include="src\it\loaders">
      <UniqueIdentifier>{0fd0715e-5824-4419-aa5b-2d4272d222ce}</UniqueIdentifier>
    </Filter>
    <Filter Include="src\it\readers">
      <UniqueIdentifier>{b9e26fe7-6056-4580-b2c6-10e6116d4129}</UniqueIdentifier>
    </Filter>
  </ItemGroup>
  <ItemGroup>
    <ClCompile Include="..\..\src\core\atexit.c">
      <Filter>src\core</Filter>
    </ClCompile>
    <ClCompile Include="..\..\src\core\duhlen.c">
      <Filter>src\core</Filter>
    </ClCompile>
    <ClCompile Include="..\..\src\core\duhtag.c">
      <Filter>src\core</Filter>
    </ClCompile>
    <ClCompile Include="..\..\src\core\dumbfile.c">
      <Filter>src\core</Filter>
    </ClCompile>
    <ClCompile Include="..\..\src\core\loadduh.c">
      <Filter>src\core</Filter>
    </ClCompile>
    <ClCompile Include="..\..\src\core\makeduh.c">
      <Filter>src\core</Filter>
    </ClCompile>
    <ClCompile Include="..\..\src\core\rawsig.c">
      <Filter>src\core</Filter>
    </ClCompile>
    <ClCompile Include="..\..\src\core\readduh.c">
      <Filter>src\core</Filter>
    </ClCompile>
    <ClCompile Include="..\..\src\core\register.c">
      <Filter>src\core</Filter>
    </ClCompile>
    <ClCompile Include="..\..\src\core\rendduh.c">
      <Filter>src\core</Filter>
    </ClCompile>
    <ClCompile Include="..\..\src\core\rendsig.c">
      <Filter>src\core</Filter>
    </ClCompile>
    <ClCompile Include="..\..\src\core\unload.c">
      <Filter>src\core</Filter>
    </ClCompile>
    <ClCompile Include="..\..\src\helpers\barray.c">
      <Filter>src\helpers</Filter>
    </ClCompile>
    <ClCompile Include="..\..\src\helpers\clickrem.c">
      <Filter>src\helpers</Filter>
    </ClCompile>
    <ClCompile Include="..\..\src\helpers\lpc.c">
      <Filter>src\helpers</Filter>
    </ClCompile>
    <ClCompile Include="..\..\src\helpers\memfile.c">
      <Filter>src\helpers</Filter>
    </ClCompile>
    <ClCompile Include="..\..\src\helpers\resample.c">
      <Filter>src\helpers</Filter>
    </ClCompile>
    <ClCompile Include="..\..\src\helpers\riff.c">
      <Filter>src\helpers</Filter>
    </ClCompile>
    <ClCompile Include="..\..\src\helpers\sampbuf.c">
      <Filter>src\helpers</Filter>
    </ClCompile>
    <ClCompile Include="..\..\src\helpers\silence.c">
      <Filter>src\helpers</Filter>
    </ClCompile>
    <ClCompile Include="..\..\src\helpers\stdfile.c">
      <Filter>src\helpers</Filter>
    </ClCompile>
    <ClCompile Include="..\..\src\it\itload.c">
      <Filter>src\it\loaders</Filter>
    </ClCompile>
    <ClCompile Include="..\..\src\it\itload2.c">
      <Filter>src\it\loaders</Filter>
    </ClCompile>
    <ClCompile Include="..\..\src\it\itmisc.c">
      <Filter>src\it</Filter>
    </ClCompile>
    <ClCompile Include="..\..\src\it\itorder.c">
      <Filter>src\it</Filter>
    </ClCompile>
    <ClCompile Include="..\..\src\it\itread.c">
      <Filter>src\it\readers</Filter>
    </ClCompile>
    <ClCompile Include="..\..\src\it\itread2.c">
      <Filter>src\it\readers</Filter>
    </ClCompile>
    <ClCompile Include="..\..\src\it\itrender.c">
      <Filter>src\it</Filter>
    </ClCompile>
    <ClCompile Include="..\..\src\it\itunload.c">
      <Filter>src\it</Filter>
    </ClCompile>
    <ClCompile Include="..\..\src\it\load669.c">
      <Filter>src\it\loaders</Filter>
    </ClCompile>
    <ClCompile Include="..\..\src\it\load6692.c">
      <Filter>src\it\loaders</Filter>
    </ClCompile>
    <ClCompile Include="..\..\src\it\loadamf.c">
      <Filter>src\it\loaders</Filter>
    </ClCompile>
    <ClCompile Include="..\..\src\it\loadamf2.c">
      <Filter>src\it\loaders</Filter>
    </ClCompile>
    <ClCompile Include="..\..\src\it\loadasy.c">
      <Filter>src\it\loaders</Filter>
    </ClCompile>
    <ClCompile Include="..\..\src\it\loadasy2.c">
      <Filter>src\it\loaders</Filter>
    </ClCompile>
    <ClCompile Include="..\..\src\it\loadmod.c">
      <Filter>src\it\loaders</Filter>
    </ClCompile>
    <ClCompile Include="..\..\src\it\loadmod2.c">
      <Filter>src\it\loaders</Filter>
    </ClCompile>
    <ClCompile Include="..\..\src\it\loadmtm.c">
      <Filter>src\it\loaders</Filter>
    </ClCompile>
    <ClCompile Include="..\..\src\it\loadmtm2.c">
      <Filter>src\it\loaders</Filter>
    </ClCompile>
    <ClCompile Include="..\..\src\it\loadoldpsm.c">
      <Filter>src\it\loaders</Filter>
    </ClCompile>
    <ClCompile Include="..\..\src\it\loadoldpsm2.c">
      <Filter>src\it\loaders</Filter>
    </ClCompile>
    <ClCompile Include="..\..\src\it\loadpsm.c">
      <Filter>src\it\loaders</Filter>
    </ClCompile>
    <ClCompile Include="..\..\src\it\loadpsm2.c">
      <Filter>src\it\loaders</Filter>
    </ClCompile>
    <ClCompile Include="..\..\src\it\loadptm.c">
      <Filter>src\it\loaders</Filter>
    </ClCompile>
    <ClCompile Include="..\..\src\it\loadptm2.c">
      <Filter>src\it\loaders</Filter>
    </ClCompile>
    <ClCompile Include="..\..\src\it\loadriff.c">
      <Filter>src\it\loaders</Filter>
    </ClCompile>
    <ClCompile Include="..\..\src\it\loadriff2.c">
      <Filter>src\it\loaders</Filter>
    </ClCompile>
    <ClCompile Include="..\..\src\it\loads3m.c">
      <Filter>src\it\loaders</Filter>
    </ClCompile>
    <ClCompile Include="..\..\src\it\loads3m2.c">
      <Filter>src\it\loaders</Filter>
    </ClCompile>
    <ClCompile Include="..\..\src\it\loadstm.c">
      <Filter>src\it\loaders</Filter>
    </ClCompile>
    <ClCompile Include="..\..\src\it\loadstm2.c">
      <Filter>src\it\loaders</Filter>
    </ClCompile>
    <ClCompile Include="..\..\src\it\loadxm.c">
      <Filter>src\it\loaders</Filter>
    </ClCompile>
    <ClCompile Include="..\..\src\it\loadxm2.c">
      <Filter>src\it\loaders</Filter>
    </ClCompile>
    <ClCompile Include="..\..\src\it\ptmeffect.c">
      <Filter>src\it</Filter>
    </ClCompile>
    <ClCompile Include="..\..\src\it\read669.c">
      <Filter>src\it\readers</Filter>
    </ClCompile>
    <ClCompile Include="..\..\src\it\read6692.c">
      <Filter>src\it\readers</Filter>
    </ClCompile>
    <ClCompile Include="..\..\src\it\readam.c">
      <Filter>src\it\readers</Filter>
    </ClCompile>
    <ClCompile Include="..\..\src\it\readamf.c">
      <Filter>src\it\readers</Filter>
    </ClCompile>
    <ClCompile Include="..\..\src\it\readamf2.c">
      <Filter>src\it\readers</Filter>
    </ClCompile>
    <ClCompile Include="..\..\src\it\readasy.c">
      <Filter>src\it\readers</Filter>
    </ClCompile>
    <ClCompile Include="..\..\src\it\readdsmf.c">
      <Filter>src\it\readers</Filter>
    </ClCompile>
    <ClCompile Include="..\..\src\it\readmod.c">
      <Filter>src\it\readers</Filter>
    </ClCompile>
    <ClCompile Include="..\..\src\it\readmod2.c">
      <Filter>src\it\readers</Filter>
    </ClCompile>
    <ClCompile Include="..\..\src\it\readmtm.c">
      <Filter>src\it\readers</Filter>
    </ClCompile>
    <ClCompile Include="..\..\src\it\readoldpsm.c">
      <Filter>src\it\readers</Filter>
    </ClCompile>
    <ClCompile Include="..\..\src\it\readpsm.c">
      <Filter>src\it\readers</Filter>
    </ClCompile>
    <ClCompile Include="..\..\src\it\readptm.c">
      <Filter>src\it\readers</Filter>
    </ClCompile>
    <ClCompile Include="..\..\src\it\readriff.c">
      <Filter>src\it\readers</Filter>
    </ClCompile>
    <ClCompile Include="..\..\src\it\reads3m.c">
      <Filter>src\it\readers</Filter>
    </ClCompile>
    <ClCompile Include="..\..\src\it\reads3m2.c">
      <Filter>src\it\readers</Filter>
    </ClCompile>
    <ClCompile Include="..\..\src\it\readstm.c">
      <Filter>src\it\readers</Filter>
    </ClCompile>
    <ClCompile Include="..\..\src\it\readstm2.c">
      <Filter>src\it\readers</Filter>
    </ClCompile>
    <ClCompile Include="..\..\src\it\readxm.c">
      <Filter>src\it\readers</Filter>
    </ClCompile>
    <ClCompile Include="..\..\src\it\readxm2.c">
      <Filter>src\it\readers</Filter>
    </ClCompile>
    <ClCompile Include="..\..\src\it\xmeffect.c">
      <Filter>src\it</Filter>
    </ClCompile>
    <ClCompile Include="..\..\src\it\readokt.c">
      <Filter>src\it\readers</Filter>
    </ClCompile>
    <ClCompile Include="..\..\src\it\readokt2.c">
      <Filter>src\it\readers</Filter>
    </ClCompile>
    <ClCompile Include="..\..\src\it\loadokt.c">
      <Filter>src\it\loaders</Filter>
    </ClCompile>
    <ClCompile Include="..\..\src\it\loadokt2.c">
      <Filter>src\it\loaders</Filter>
    </ClCompile>
    <ClCompile Include="..\..\src\it\loadany.c">
      <Filter>src\it\loaders</Filter>
    </ClCompile>
    <ClCompile Include="..\..\src\it\loadany2.c">
      <Filter>src\it\loaders</Filter>
    </ClCompile>
    <ClCompile Include="..\..\src\it\readany.c">
      <Filter>src\it\readers</Filter>
    </ClCompile>
    <ClCompile Include="..\..\src\it\readany2.c">
      <Filter>src\it\readers</Filter>
    </ClCompile>
    <ClCompile Include="..\..\src\helpers\resampler.c">
      <Filter>src\helpers</Filter>
    </ClCompile>
  </ItemGroup>
  <ItemGroup>
    <ClInclude Include="..\..\include\dumb.h">
      <Filter>include</Filter>
    </ClInclude>
    <ClInclude Include="..\..\include\internal\barray.h">
      <Filter>include\internal</Filter>
    </ClInclude>
    <ClInclude Include="..\..\include\internal\dumb.h">
      <Filter>include\internal</Filter>
    </ClInclude>
    <ClInclude Include="..\..\include\internal\dumbfile.h">
      <Filter>include\internal</Filter>
    </ClInclude>
    <ClInclude Include="..\..\include\internal\fir_resampler.h">
      <Filter>include\internal</Filter>
    </ClInclude>
    <ClInclude Include="..\..\include\internal\it.h">
      <Filter>include\internal</Filter>
    </ClInclude>
    <ClInclude Include="..\..\include\internal\lpc.h">
      <Filter>include\internal</Filter>
    </ClInclude>
    <ClInclude Include="..\..\include\internal\riff.h">
      <Filter>include\internal</Filter>
    </ClInclude>
    <ClInclude Include="..\..\include\internal\stack_alloc.h">
      <Filter>include\internal</Filter>
    </ClInclude>
    <ClInclude Include="..\..\include\internal\resampler.h">
      <Filter>include\internal</Filter>
    </ClInclude>
  </ItemGroup>
  <ItemGroup>
    <CustomBuild Include="..\..\src\helpers\resamp3.inc">
      <Filter>src\helpers</Filter>
    </CustomBuild>
    <CustomBuild Include="..\..\src\helpers\resamp2.inc">
      <Filter>src\helpers</Filter>
    </CustomBuild>
    <CustomBuild Include="..\..\src\helpers\resample.inc">
      <Filter>src\helpers</Filter>
    </CustomBuild>
  </ItemGroup>
</Project>